
Microsoft Visual Studio Solution File, Format Version 12.00
# Visual Studio Version 16
VisualStudioVersion = 16.0.30011.22
MinimumVisualStudioVersion = 10.0.40219.1
Project("{8BC9CEB8-8B4A-11D0-8D11-00A0C91BC942}") = "rheaCommonLib", "rheaCommonLib\rheaCommonLib.vcxproj", "{CB34C216-01F2-4928-BD25-FAE1B18D7F20}"
EndProject
Project("{8BC9CEB8-8B4A-11D0-8D11-00A0C91BC942}") = "GPUConsole", "GPUConsole\GPUConsole.vcxproj", "{C7F35A62-FC73-4BF0-A617-DB5BC53534B3}"
	ProjectSection(ProjectDependencies) = postProject
		{CB34C216-01F2-4928-BD25-FAE1B18D7F20} = {CB34C216-01F2-4928-BD25-FAE1B18D7F20}
		{B2427066-7694-4FCE-A7F8-1F6BCA64E0AF} = {B2427066-7694-4FCE-A7F8-1F6BCA64E0AF}
	EndProjectSection
EndProject
Project("{8BC9CEB8-8B4A-11D0-8D11-00A0C91BC942}") = "CPUBridge", "CPUBridge\CPUBridge.vcxproj", "{E889F655-FA21-438E-8446-9B18BB78E2C9}"
	ProjectSection(ProjectDependencies) = postProject
		{CB34C216-01F2-4928-BD25-FAE1B18D7F20} = {CB34C216-01F2-4928-BD25-FAE1B18D7F20}
	EndProjectSection
EndProject
Project("{8BC9CEB8-8B4A-11D0-8D11-00A0C91BC942}") = "SocketBridge", "SocketBridge\SocketBridge.vcxproj", "{ED7178EB-7B75-4481-9052-20109DBE548A}"
	ProjectSection(ProjectDependencies) = postProject
		{CB34C216-01F2-4928-BD25-FAE1B18D7F20} = {CB34C216-01F2-4928-BD25-FAE1B18D7F20}
		{2A91F944-9244-4367-8EB6-F4AECA5C808C} = {2A91F944-9244-4367-8EB6-F4AECA5C808C}
		{E889F655-FA21-438E-8446-9B18BB78E2C9} = {E889F655-FA21-438E-8446-9B18BB78E2C9}
		{7B187484-89F0-4808-9BAE-584543470F7D} = {7B187484-89F0-4808-9BAE-584543470F7D}
	EndProjectSection
EndProject
Project("{8BC9CEB8-8B4A-11D0-8D11-00A0C91BC942}") = "rheaAppLib", "rheaAppLib\rheaAppLib.vcxproj", "{B2427066-7694-4FCE-A7F8-1F6BCA64E0AF}"
	ProjectSection(ProjectDependencies) = postProject
		{CB34C216-01F2-4928-BD25-FAE1B18D7F20} = {CB34C216-01F2-4928-BD25-FAE1B18D7F20}
		{ED7178EB-7B75-4481-9052-20109DBE548A} = {ED7178EB-7B75-4481-9052-20109DBE548A}
	EndProjectSection
EndProject
Project("{8BC9CEB8-8B4A-11D0-8D11-00A0C91BC942}") = "SMU", "SMU\SMU.vcxproj", "{293ACDC4-C1A2-43FD-93B4-AC732723270B}"
	ProjectSection(ProjectDependencies) = postProject
		{CB34C216-01F2-4928-BD25-FAE1B18D7F20} = {CB34C216-01F2-4928-BD25-FAE1B18D7F20}
		{E889F655-FA21-438E-8446-9B18BB78E2C9} = {E889F655-FA21-438E-8446-9B18BB78E2C9}
		{60D80E69-315A-47B9-B9D7-D90B2CDC35F2} = {60D80E69-315A-47B9-B9D7-D90B2CDC35F2}
		{7B187484-89F0-4808-9BAE-584543470F7D} = {7B187484-89F0-4808-9BAE-584543470F7D}
		{AB40ADD8-E3C3-4154-8E8F-B1110151763C} = {AB40ADD8-E3C3-4154-8E8F-B1110151763C}
		{ED7178EB-7B75-4481-9052-20109DBE548A} = {ED7178EB-7B75-4481-9052-20109DBE548A}
	EndProjectSection
EndProject
Project("{8BC9CEB8-8B4A-11D0-8D11-00A0C91BC942}") = "rheaDB", "rheaDB\rheaDB.vcxproj", "{2A91F944-9244-4367-8EB6-F4AECA5C808C}"
	ProjectSection(ProjectDependencies) = postProject
		{CB34C216-01F2-4928-BD25-FAE1B18D7F20} = {CB34C216-01F2-4928-BD25-FAE1B18D7F20}
	EndProjectSection
EndProject
Project("{8BC9CEB8-8B4A-11D0-8D11-00A0C91BC942}") = "testDB", "testDB\testDB.vcxproj", "{8D662D9F-BCAD-4284-A12D-7FFD604B3370}"
	ProjectSection(ProjectDependencies) = postProject
		{CB34C216-01F2-4928-BD25-FAE1B18D7F20} = {CB34C216-01F2-4928-BD25-FAE1B18D7F20}
		{2A91F944-9244-4367-8EB6-F4AECA5C808C} = {2A91F944-9244-4367-8EB6-F4AECA5C808C}
	EndProjectSection
EndProject
Project("{8BC9CEB8-8B4A-11D0-8D11-00A0C91BC942}") = "stressTestUpDownDA3", "stressTestUpDownDA3\stressTestUpDownDA3.vcxproj", "{414AAD19-35CE-49CF-8A7D-529135A71F98}"
EndProject
Project("{8BC9CEB8-8B4A-11D0-8D11-00A0C91BC942}") = "rheaMedia2.0", "rheaMedia2.0\rheaMedia2.0.vcxproj", "{11644058-CD18-488D-9129-AB2F1206FFFA}"
	ProjectSection(ProjectDependencies) = postProject
		{CB34C216-01F2-4928-BD25-FAE1B18D7F20} = {CB34C216-01F2-4928-BD25-FAE1B18D7F20}
		{2A91F944-9244-4367-8EB6-F4AECA5C808C} = {2A91F944-9244-4367-8EB6-F4AECA5C808C}
		{E889F655-FA21-438E-8446-9B18BB78E2C9} = {E889F655-FA21-438E-8446-9B18BB78E2C9}
		{B2427066-7694-4FCE-A7F8-1F6BCA64E0AF} = {B2427066-7694-4FCE-A7F8-1F6BCA64E0AF}
		{ED7178EB-7B75-4481-9052-20109DBE548A} = {ED7178EB-7B75-4481-9052-20109DBE548A}
	EndProjectSection
EndProject
Project("{2150E333-8FDC-42A3-9474-1A3956D46DE8}") = "test", "test", "{0F094272-4C26-4B43-87BA-EDE81883EC5A}"
EndProject
Project("{2150E333-8FDC-42A3-9474-1A3956D46DE8}") = "library", "library", "{544F8D4A-A9C1-45F2-BC23-D45066D6DF89}"
EndProject
Project("{8BC9CEB8-8B4A-11D0-8D11-00A0C91BC942}") = "testHTTP", "testHTTP\testHTTP.vcxproj", "{26F7CA80-E581-44BC-9719-AA5775DE1F3F}"
	ProjectSection(ProjectDependencies) = postProject
		{CB34C216-01F2-4928-BD25-FAE1B18D7F20} = {CB34C216-01F2-4928-BD25-FAE1B18D7F20}
		{7B187484-89F0-4808-9BAE-584543470F7D} = {7B187484-89F0-4808-9BAE-584543470F7D}
	EndProjectSection
EndProject
Project("{8BC9CEB8-8B4A-11D0-8D11-00A0C91BC942}") = "rheaAlipayChina", "rheaAlipayChina\rheaAlipayChina.vcxproj", "{7B187484-89F0-4808-9BAE-584543470F7D}"
	ProjectSection(ProjectDependencies) = postProject
		{CB34C216-01F2-4928-BD25-FAE1B18D7F20} = {CB34C216-01F2-4928-BD25-FAE1B18D7F20}
	EndProjectSection
EndProject
Project("{8BC9CEB8-8B4A-11D0-8D11-00A0C91BC942}") = "rasPISerial", "rasPISerial\rasPISerial.vcxproj", "{60D80E69-315A-47B9-B9D7-D90B2CDC35F2}"
	ProjectSection(ProjectDependencies) = postProject
		{CB34C216-01F2-4928-BD25-FAE1B18D7F20} = {CB34C216-01F2-4928-BD25-FAE1B18D7F20}
	EndProjectSection
EndProject
Project("{8BC9CEB8-8B4A-11D0-8D11-00A0C91BC942}") = "rheaExternalSerialAPI", "rheaExternalSerialAPI\rheaExternalSerialAPI.vcxproj", "{AB40ADD8-E3C3-4154-8E8F-B1110151763C}"
	ProjectSection(ProjectDependencies) = postProject
		{CB34C216-01F2-4928-BD25-FAE1B18D7F20} = {CB34C216-01F2-4928-BD25-FAE1B18D7F20}
		{E889F655-FA21-438E-8446-9B18BB78E2C9} = {E889F655-FA21-438E-8446-9B18BB78E2C9}
		{ED7178EB-7B75-4481-9052-20109DBE548A} = {ED7178EB-7B75-4481-9052-20109DBE548A}
	EndProjectSection
EndProject
Global
	GlobalSection(SolutionConfigurationPlatforms) = preSolution
		Debug|ARM = Debug|ARM
		Debug|ARM64 = Debug|ARM64
		Debug|x64 = Debug|x64
		Debug|x86 = Debug|x86
		Release|ARM = Release|ARM
		Release|ARM64 = Release|ARM64
		Release|x64 = Release|x64
		Release|x86 = Release|x86
	EndGlobalSection
	GlobalSection(ProjectConfigurationPlatforms) = postSolution
		{CB34C216-01F2-4928-BD25-FAE1B18D7F20}.Debug|ARM.ActiveCfg = Debug|Win32
		{CB34C216-01F2-4928-BD25-FAE1B18D7F20}.Debug|ARM64.ActiveCfg = Debug|Win32
		{CB34C216-01F2-4928-BD25-FAE1B18D7F20}.Debug|x64.ActiveCfg = Debug|x64
		{CB34C216-01F2-4928-BD25-FAE1B18D7F20}.Debug|x64.Build.0 = Debug|x64
		{CB34C216-01F2-4928-BD25-FAE1B18D7F20}.Debug|x86.ActiveCfg = Debug|Win32
		{CB34C216-01F2-4928-BD25-FAE1B18D7F20}.Debug|x86.Build.0 = Debug|Win32
		{CB34C216-01F2-4928-BD25-FAE1B18D7F20}.Release|ARM.ActiveCfg = Release|Win32
		{CB34C216-01F2-4928-BD25-FAE1B18D7F20}.Release|ARM64.ActiveCfg = Release|Win32
		{CB34C216-01F2-4928-BD25-FAE1B18D7F20}.Release|x64.ActiveCfg = Release|x64
		{CB34C216-01F2-4928-BD25-FAE1B18D7F20}.Release|x64.Build.0 = Release|x64
		{CB34C216-01F2-4928-BD25-FAE1B18D7F20}.Release|x86.ActiveCfg = Release|Win32
		{CB34C216-01F2-4928-BD25-FAE1B18D7F20}.Release|x86.Build.0 = Release|Win32
		{C7F35A62-FC73-4BF0-A617-DB5BC53534B3}.Debug|ARM.ActiveCfg = Debug|Win32
		{C7F35A62-FC73-4BF0-A617-DB5BC53534B3}.Debug|ARM64.ActiveCfg = Debug|Win32
		{C7F35A62-FC73-4BF0-A617-DB5BC53534B3}.Debug|x64.ActiveCfg = Debug|x64
		{C7F35A62-FC73-4BF0-A617-DB5BC53534B3}.Debug|x64.Build.0 = Debug|x64
		{C7F35A62-FC73-4BF0-A617-DB5BC53534B3}.Debug|x86.ActiveCfg = Debug|Win32
		{C7F35A62-FC73-4BF0-A617-DB5BC53534B3}.Debug|x86.Build.0 = Debug|Win32
		{C7F35A62-FC73-4BF0-A617-DB5BC53534B3}.Release|ARM.ActiveCfg = Release|Win32
		{C7F35A62-FC73-4BF0-A617-DB5BC53534B3}.Release|ARM64.ActiveCfg = Release|Win32
		{C7F35A62-FC73-4BF0-A617-DB5BC53534B3}.Release|x64.ActiveCfg = Release|x64
		{C7F35A62-FC73-4BF0-A617-DB5BC53534B3}.Release|x64.Build.0 = Release|x64
		{C7F35A62-FC73-4BF0-A617-DB5BC53534B3}.Release|x86.ActiveCfg = Release|Win32
		{C7F35A62-FC73-4BF0-A617-DB5BC53534B3}.Release|x86.Build.0 = Release|Win32
		{E889F655-FA21-438E-8446-9B18BB78E2C9}.Debug|ARM.ActiveCfg = Debug|Win32
		{E889F655-FA21-438E-8446-9B18BB78E2C9}.Debug|ARM64.ActiveCfg = Debug|Win32
		{E889F655-FA21-438E-8446-9B18BB78E2C9}.Debug|x64.ActiveCfg = Debug|x64
		{E889F655-FA21-438E-8446-9B18BB78E2C9}.Debug|x64.Build.0 = Debug|x64
		{E889F655-FA21-438E-8446-9B18BB78E2C9}.Debug|x86.ActiveCfg = Debug|Win32
		{E889F655-FA21-438E-8446-9B18BB78E2C9}.Debug|x86.Build.0 = Debug|Win32
		{E889F655-FA21-438E-8446-9B18BB78E2C9}.Release|ARM.ActiveCfg = Release|Win32
		{E889F655-FA21-438E-8446-9B18BB78E2C9}.Release|ARM64.ActiveCfg = Release|Win32
		{E889F655-FA21-438E-8446-9B18BB78E2C9}.Release|x64.ActiveCfg = Release|x64
		{E889F655-FA21-438E-8446-9B18BB78E2C9}.Release|x64.Build.0 = Release|x64
		{E889F655-FA21-438E-8446-9B18BB78E2C9}.Release|x86.ActiveCfg = Release|Win32
		{E889F655-FA21-438E-8446-9B18BB78E2C9}.Release|x86.Build.0 = Release|Win32
		{ED7178EB-7B75-4481-9052-20109DBE548A}.Debug|ARM.ActiveCfg = Debug|Win32
		{ED7178EB-7B75-4481-9052-20109DBE548A}.Debug|ARM64.ActiveCfg = Debug|Win32
		{ED7178EB-7B75-4481-9052-20109DBE548A}.Debug|x64.ActiveCfg = Debug|x64
		{ED7178EB-7B75-4481-9052-20109DBE548A}.Debug|x64.Build.0 = Debug|x64
		{ED7178EB-7B75-4481-9052-20109DBE548A}.Debug|x86.ActiveCfg = Debug|Win32
		{ED7178EB-7B75-4481-9052-20109DBE548A}.Debug|x86.Build.0 = Debug|Win32
		{ED7178EB-7B75-4481-9052-20109DBE548A}.Release|ARM.ActiveCfg = Release|Win32
		{ED7178EB-7B75-4481-9052-20109DBE548A}.Release|ARM64.ActiveCfg = Release|Win32
		{ED7178EB-7B75-4481-9052-20109DBE548A}.Release|x64.ActiveCfg = Release|x64
		{ED7178EB-7B75-4481-9052-20109DBE548A}.Release|x64.Build.0 = Release|x64
		{ED7178EB-7B75-4481-9052-20109DBE548A}.Release|x86.ActiveCfg = Release|Win32
		{ED7178EB-7B75-4481-9052-20109DBE548A}.Release|x86.Build.0 = Release|Win32
		{B2427066-7694-4FCE-A7F8-1F6BCA64E0AF}.Debug|ARM.ActiveCfg = Debug|Win32
		{B2427066-7694-4FCE-A7F8-1F6BCA64E0AF}.Debug|ARM64.ActiveCfg = Debug|Win32
		{B2427066-7694-4FCE-A7F8-1F6BCA64E0AF}.Debug|x64.ActiveCfg = Debug|x64
		{B2427066-7694-4FCE-A7F8-1F6BCA64E0AF}.Debug|x64.Build.0 = Debug|x64
		{B2427066-7694-4FCE-A7F8-1F6BCA64E0AF}.Debug|x86.ActiveCfg = Debug|Win32
		{B2427066-7694-4FCE-A7F8-1F6BCA64E0AF}.Debug|x86.Build.0 = Debug|Win32
		{B2427066-7694-4FCE-A7F8-1F6BCA64E0AF}.Release|ARM.ActiveCfg = Release|Win32
		{B2427066-7694-4FCE-A7F8-1F6BCA64E0AF}.Release|ARM64.ActiveCfg = Release|Win32
		{B2427066-7694-4FCE-A7F8-1F6BCA64E0AF}.Release|x64.ActiveCfg = Release|x64
		{B2427066-7694-4FCE-A7F8-1F6BCA64E0AF}.Release|x64.Build.0 = Release|x64
		{B2427066-7694-4FCE-A7F8-1F6BCA64E0AF}.Release|x86.ActiveCfg = Release|Win32
		{B2427066-7694-4FCE-A7F8-1F6BCA64E0AF}.Release|x86.Build.0 = Release|Win32
		{293ACDC4-C1A2-43FD-93B4-AC732723270B}.Debug|ARM.ActiveCfg = Debug|Win32
		{293ACDC4-C1A2-43FD-93B4-AC732723270B}.Debug|ARM64.ActiveCfg = Debug|Win32
		{293ACDC4-C1A2-43FD-93B4-AC732723270B}.Debug|x64.ActiveCfg = Debug|x64
		{293ACDC4-C1A2-43FD-93B4-AC732723270B}.Debug|x64.Build.0 = Debug|x64
		{293ACDC4-C1A2-43FD-93B4-AC732723270B}.Debug|x86.ActiveCfg = Debug|Win32
		{293ACDC4-C1A2-43FD-93B4-AC732723270B}.Debug|x86.Build.0 = Debug|Win32
		{293ACDC4-C1A2-43FD-93B4-AC732723270B}.Release|ARM.ActiveCfg = Release|Win32
		{293ACDC4-C1A2-43FD-93B4-AC732723270B}.Release|ARM64.ActiveCfg = Release|Win32
		{293ACDC4-C1A2-43FD-93B4-AC732723270B}.Release|x64.ActiveCfg = Release|x64
		{293ACDC4-C1A2-43FD-93B4-AC732723270B}.Release|x64.Build.0 = Release|x64
		{293ACDC4-C1A2-43FD-93B4-AC732723270B}.Release|x86.ActiveCfg = Release|Win32
		{293ACDC4-C1A2-43FD-93B4-AC732723270B}.Release|x86.Build.0 = Release|Win32
		{2A91F944-9244-4367-8EB6-F4AECA5C808C}.Debug|ARM.ActiveCfg = Debug|Win32
		{2A91F944-9244-4367-8EB6-F4AECA5C808C}.Debug|ARM64.ActiveCfg = Debug|Win32
		{2A91F944-9244-4367-8EB6-F4AECA5C808C}.Debug|x64.ActiveCfg = Debug|x64
		{2A91F944-9244-4367-8EB6-F4AECA5C808C}.Debug|x64.Build.0 = Debug|x64
		{2A91F944-9244-4367-8EB6-F4AECA5C808C}.Debug|x86.ActiveCfg = Debug|Win32
		{2A91F944-9244-4367-8EB6-F4AECA5C808C}.Debug|x86.Build.0 = Debug|Win32
		{2A91F944-9244-4367-8EB6-F4AECA5C808C}.Release|ARM.ActiveCfg = Release|Win32
		{2A91F944-9244-4367-8EB6-F4AECA5C808C}.Release|ARM64.ActiveCfg = Release|Win32
		{2A91F944-9244-4367-8EB6-F4AECA5C808C}.Release|x64.ActiveCfg = Release|x64
		{2A91F944-9244-4367-8EB6-F4AECA5C808C}.Release|x64.Build.0 = Release|x64
		{2A91F944-9244-4367-8EB6-F4AECA5C808C}.Release|x86.ActiveCfg = Release|Win32
		{2A91F944-9244-4367-8EB6-F4AECA5C808C}.Release|x86.Build.0 = Release|Win32
		{8D662D9F-BCAD-4284-A12D-7FFD604B3370}.Debug|ARM.ActiveCfg = Debug|Win32
		{8D662D9F-BCAD-4284-A12D-7FFD604B3370}.Debug|ARM64.ActiveCfg = Debug|Win32
		{8D662D9F-BCAD-4284-A12D-7FFD604B3370}.Debug|x64.ActiveCfg = Debug|x64
		{8D662D9F-BCAD-4284-A12D-7FFD604B3370}.Debug|x64.Build.0 = Debug|x64
		{8D662D9F-BCAD-4284-A12D-7FFD604B3370}.Debug|x86.ActiveCfg = Debug|Win32
		{8D662D9F-BCAD-4284-A12D-7FFD604B3370}.Debug|x86.Build.0 = Debug|Win32
		{8D662D9F-BCAD-4284-A12D-7FFD604B3370}.Release|ARM.ActiveCfg = Release|Win32
		{8D662D9F-BCAD-4284-A12D-7FFD604B3370}.Release|ARM64.ActiveCfg = Release|Win32
		{8D662D9F-BCAD-4284-A12D-7FFD604B3370}.Release|x64.ActiveCfg = Release|x64
		{8D662D9F-BCAD-4284-A12D-7FFD604B3370}.Release|x64.Build.0 = Release|x64
		{8D662D9F-BCAD-4284-A12D-7FFD604B3370}.Release|x86.ActiveCfg = Release|Win32
		{8D662D9F-BCAD-4284-A12D-7FFD604B3370}.Release|x86.Build.0 = Release|Win32
		{414AAD19-35CE-49CF-8A7D-529135A71F98}.Debug|ARM.ActiveCfg = Debug|Win32
		{414AAD19-35CE-49CF-8A7D-529135A71F98}.Debug|ARM64.ActiveCfg = Debug|Win32
		{414AAD19-35CE-49CF-8A7D-529135A71F98}.Debug|x64.ActiveCfg = Debug|x64
		{414AAD19-35CE-49CF-8A7D-529135A71F98}.Debug|x64.Build.0 = Debug|x64
		{414AAD19-35CE-49CF-8A7D-529135A71F98}.Debug|x86.ActiveCfg = Debug|Win32
		{414AAD19-35CE-49CF-8A7D-529135A71F98}.Debug|x86.Build.0 = Debug|Win32
		{414AAD19-35CE-49CF-8A7D-529135A71F98}.Release|ARM.ActiveCfg = Release|Win32
		{414AAD19-35CE-49CF-8A7D-529135A71F98}.Release|ARM64.ActiveCfg = Release|Win32
		{414AAD19-35CE-49CF-8A7D-529135A71F98}.Release|x64.ActiveCfg = Release|x64
		{414AAD19-35CE-49CF-8A7D-529135A71F98}.Release|x64.Build.0 = Release|x64
		{414AAD19-35CE-49CF-8A7D-529135A71F98}.Release|x86.ActiveCfg = Release|Win32
		{414AAD19-35CE-49CF-8A7D-529135A71F98}.Release|x86.Build.0 = Release|Win32
		{11644058-CD18-488D-9129-AB2F1206FFFA}.Debug|ARM.ActiveCfg = Debug|Win32
		{11644058-CD18-488D-9129-AB2F1206FFFA}.Debug|ARM64.ActiveCfg = Debug|Win32
		{11644058-CD18-488D-9129-AB2F1206FFFA}.Debug|x64.ActiveCfg = Debug|x64
		{11644058-CD18-488D-9129-AB2F1206FFFA}.Debug|x64.Build.0 = Debug|x64
		{11644058-CD18-488D-9129-AB2F1206FFFA}.Debug|x86.ActiveCfg = Debug|Win32
		{11644058-CD18-488D-9129-AB2F1206FFFA}.Debug|x86.Build.0 = Debug|Win32
		{11644058-CD18-488D-9129-AB2F1206FFFA}.Release|ARM.ActiveCfg = Release|Win32
		{11644058-CD18-488D-9129-AB2F1206FFFA}.Release|ARM64.ActiveCfg = Release|Win32
		{11644058-CD18-488D-9129-AB2F1206FFFA}.Release|x64.ActiveCfg = Release|x64
		{11644058-CD18-488D-9129-AB2F1206FFFA}.Release|x64.Build.0 = Release|x64
		{11644058-CD18-488D-9129-AB2F1206FFFA}.Release|x86.ActiveCfg = Release|Win32
		{11644058-CD18-488D-9129-AB2F1206FFFA}.Release|x86.Build.0 = Release|Win32
		{26F7CA80-E581-44BC-9719-AA5775DE1F3F}.Debug|ARM.ActiveCfg = Debug|Win32
		{26F7CA80-E581-44BC-9719-AA5775DE1F3F}.Debug|ARM64.ActiveCfg = Debug|Win32
		{26F7CA80-E581-44BC-9719-AA5775DE1F3F}.Debug|x64.ActiveCfg = Debug|x64
		{26F7CA80-E581-44BC-9719-AA5775DE1F3F}.Debug|x64.Build.0 = Debug|x64
		{26F7CA80-E581-44BC-9719-AA5775DE1F3F}.Debug|x86.ActiveCfg = Debug|Win32
		{26F7CA80-E581-44BC-9719-AA5775DE1F3F}.Debug|x86.Build.0 = Debug|Win32
		{26F7CA80-E581-44BC-9719-AA5775DE1F3F}.Release|ARM.ActiveCfg = Release|Win32
		{26F7CA80-E581-44BC-9719-AA5775DE1F3F}.Release|ARM64.ActiveCfg = Release|Win32
		{26F7CA80-E581-44BC-9719-AA5775DE1F3F}.Release|x64.ActiveCfg = Release|x64
		{26F7CA80-E581-44BC-9719-AA5775DE1F3F}.Release|x64.Build.0 = Release|x64
		{26F7CA80-E581-44BC-9719-AA5775DE1F3F}.Release|x86.ActiveCfg = Release|Win32
		{26F7CA80-E581-44BC-9719-AA5775DE1F3F}.Release|x86.Build.0 = Release|Win32
		{7B187484-89F0-4808-9BAE-584543470F7D}.Debug|ARM.ActiveCfg = Debug|Win32
		{7B187484-89F0-4808-9BAE-584543470F7D}.Debug|ARM64.ActiveCfg = Debug|Win32
		{7B187484-89F0-4808-9BAE-584543470F7D}.Debug|x64.ActiveCfg = Debug|x64
		{7B187484-89F0-4808-9BAE-584543470F7D}.Debug|x64.Build.0 = Debug|x64
		{7B187484-89F0-4808-9BAE-584543470F7D}.Debug|x86.ActiveCfg = Debug|Win32
		{7B187484-89F0-4808-9BAE-584543470F7D}.Debug|x86.Build.0 = Debug|Win32
		{7B187484-89F0-4808-9BAE-584543470F7D}.Release|ARM.ActiveCfg = Release|Win32
		{7B187484-89F0-4808-9BAE-584543470F7D}.Release|ARM64.ActiveCfg = Release|Win32
		{7B187484-89F0-4808-9BAE-584543470F7D}.Release|x64.ActiveCfg = Release|x64
		{7B187484-89F0-4808-9BAE-584543470F7D}.Release|x64.Build.0 = Release|x64
		{7B187484-89F0-4808-9BAE-584543470F7D}.Release|x86.ActiveCfg = Release|Win32
		{7B187484-89F0-4808-9BAE-584543470F7D}.Release|x86.Build.0 = Release|Win32
		{60D80E69-315A-47B9-B9D7-D90B2CDC35F2}.Debug|ARM.ActiveCfg = Debug|Win32
		{60D80E69-315A-47B9-B9D7-D90B2CDC35F2}.Debug|ARM64.ActiveCfg = Debug|Win32
		{60D80E69-315A-47B9-B9D7-D90B2CDC35F2}.Debug|x64.ActiveCfg = Debug|Win32
		{60D80E69-315A-47B9-B9D7-D90B2CDC35F2}.Debug|x86.ActiveCfg = Debug|Win32
		{60D80E69-315A-47B9-B9D7-D90B2CDC35F2}.Debug|x86.Build.0 = Debug|Win32
		{60D80E69-315A-47B9-B9D7-D90B2CDC35F2}.Release|ARM.ActiveCfg = Release|Win32
		{60D80E69-315A-47B9-B9D7-D90B2CDC35F2}.Release|ARM64.ActiveCfg = Release|Win32
		{60D80E69-315A-47B9-B9D7-D90B2CDC35F2}.Release|x64.ActiveCfg = Release|Win32
		{60D80E69-315A-47B9-B9D7-D90B2CDC35F2}.Release|x86.ActiveCfg = Release|Win32
		{60D80E69-315A-47B9-B9D7-D90B2CDC35F2}.Release|x86.Build.0 = Release|Win32
		{AB40ADD8-E3C3-4154-8E8F-B1110151763C}.Debug|ARM.ActiveCfg = Debug|Win32
		{AB40ADD8-E3C3-4154-8E8F-B1110151763C}.Debug|ARM64.ActiveCfg = Debug|Win32
		{AB40ADD8-E3C3-4154-8E8F-B1110151763C}.Debug|x64.ActiveCfg = Debug|x64
		{AB40ADD8-E3C3-4154-8E8F-B1110151763C}.Debug|x64.Build.0 = Debug|x64
		{AB40ADD8-E3C3-4154-8E8F-B1110151763C}.Debug|x86.ActiveCfg = Debug|Win32
		{AB40ADD8-E3C3-4154-8E8F-B1110151763C}.Debug|x86.Build.0 = Debug|Win32
		{AB40ADD8-E3C3-4154-8E8F-B1110151763C}.Release|ARM.ActiveCfg = Release|Win32
		{AB40ADD8-E3C3-4154-8E8F-B1110151763C}.Release|ARM64.ActiveCfg = Release|Win32
		{AB40ADD8-E3C3-4154-8E8F-B1110151763C}.Release|x64.ActiveCfg = Release|x64
		{AB40ADD8-E3C3-4154-8E8F-B1110151763C}.Release|x64.Build.0 = Release|x64
		{AB40ADD8-E3C3-4154-8E8F-B1110151763C}.Release|x86.ActiveCfg = Release|Win32
		{AB40ADD8-E3C3-4154-8E8F-B1110151763C}.Release|x86.Build.0 = Release|Win32
	EndGlobalSection
	GlobalSection(SolutionProperties) = preSolution
		HideSolutionNode = FALSE
	EndGlobalSection
	GlobalSection(NestedProjects) = preSolution
		{CB34C216-01F2-4928-BD25-FAE1B18D7F20} = {544F8D4A-A9C1-45F2-BC23-D45066D6DF89}
		{E889F655-FA21-438E-8446-9B18BB78E2C9} = {544F8D4A-A9C1-45F2-BC23-D45066D6DF89}
		{ED7178EB-7B75-4481-9052-20109DBE548A} = {544F8D4A-A9C1-45F2-BC23-D45066D6DF89}
		{B2427066-7694-4FCE-A7F8-1F6BCA64E0AF} = {544F8D4A-A9C1-45F2-BC23-D45066D6DF89}
		{2A91F944-9244-4367-8EB6-F4AECA5C808C} = {544F8D4A-A9C1-45F2-BC23-D45066D6DF89}
		{8D662D9F-BCAD-4284-A12D-7FFD604B3370} = {0F094272-4C26-4B43-87BA-EDE81883EC5A}
		{414AAD19-35CE-49CF-8A7D-529135A71F98} = {0F094272-4C26-4B43-87BA-EDE81883EC5A}
		{26F7CA80-E581-44BC-9719-AA5775DE1F3F} = {0F094272-4C26-4B43-87BA-EDE81883EC5A}
		{7B187484-89F0-4808-9BAE-584543470F7D} = {544F8D4A-A9C1-45F2-BC23-D45066D6DF89}
		{AB40ADD8-E3C3-4154-8E8F-B1110151763C} = {544F8D4A-A9C1-45F2-BC23-D45066D6DF89}
	EndGlobalSection
	GlobalSection(ExtensibilityGlobals) = postSolution
		SolutionGuid = {2D996133-44EA-4251-B80E-78401F7D4735}
	EndGlobalSection
EndGlobal
