<?xml version="1.0" encoding="utf-8"?>
<Project ToolsVersion="4.0" xmlns="http://schemas.microsoft.com/developer/msbuild/2003">
  <ItemGroup>
    <ClCompile Include="..\..\src\rheaAlipayChina\AlipayChinaCore.cpp" />
    <ClCompile Include="..\..\src\rheaAlipayChina\AlipayChina.cpp" />
  </ItemGroup>
  <ItemGroup>
    <ClInclude Include="..\..\src\rheaAlipayChina\AlipayChinaCore.h" />
    <ClInclude Include="..\..\src\rheaAlipayChina\AlipayChina.h" />
    <ClInclude Include="..\..\src\rheaAlipayChina\AlipayChinaEnumAndDefine.h" />
  </ItemGroup>
</Project>