<?xml version="1.0" encoding="utf-8"?>
<Project ToolsVersion="4.0" xmlns="http://schemas.microsoft.com/developer/msbuild/2003">
  <ItemGroup>
    <ClCompile Include="..\..\src\CPUBridge\CPUBridge.cpp" />
    <ClCompile Include="..\..\src\CPUBridge\CPUBridgeServer.cpp" />
    <ClCompile Include="..\..\src\CPUBridge\CPUChannelCom.cpp">
      <Filter>channel</Filter>
    </ClCompile>
    <ClCompile Include="..\..\src\CPUBridge\CPUChannelFakeCPU.cpp">
      <Filter>channel</Filter>
    </ClCompile>
    <ClCompile Include="..\..\src\CPUBridge\DA3.cpp">
      <Filter>varie</Filter>
    </ClCompile>
    <ClCompile Include="..\..\src\CPUBridge\lang.cpp">
      <Filter>varie</Filter>
    </ClCompile>
    <ClCompile Include="..\..\src\CPUBridge\EVADTSParser.cpp">
      <Filter>varie</Filter>
    </ClCompile>
  </ItemGroup>
  <ItemGroup>
    <ClInclude Include="..\..\src\CPUBridge\CPUBridge.h" />
    <ClInclude Include="..\..\src\CPUBridge\CPUBridgeEnumAndDefine.h" />
    <ClInclude Include="..\..\src\CPUBridge\CPUBridgeServer.h" />
    <ClInclude Include="..\..\src\CPUBridge\CPUChannel.h">
      <Filter>channel</Filter>
    </ClInclude>
    <ClInclude Include="..\..\src\CPUBridge\CPUChannelCom.h">
      <Filter>channel</Filter>
    </ClInclude>
    <ClInclude Include="..\..\src\CPUBridge\CPUChannelFakeCPU.h">
      <Filter>channel</Filter>
    </ClInclude>
    <ClInclude Include="..\..\src\CPUBridge\CPUBridgeVersion.h" />
    <ClInclude Include="..\..\src\CPUBridge\DA3.h">
      <Filter>varie</Filter>
    </ClInclude>
    <ClInclude Include="..\..\src\CPUBridge\lang.h">
      <Filter>varie</Filter>
    </ClInclude>
    <ClInclude Include="..\..\src\CPUBridge\EVADTSParser.h">
      <Filter>varie</Filter>
    </ClInclude>
  </ItemGroup>
  <ItemGroup>
    <Filter Include="channel">
      <UniqueIdentifier>{2d3af9d5-c3f6-4865-b3c9-0711e206facf}</UniqueIdentifier>
    </Filter>
    <Filter Include="varie">
      <UniqueIdentifier>{75461ead-6b0d-4f47-8a9d-b94b0de3cf54}</UniqueIdentifier>
    </Filter>
  </ItemGroup>
</Project>