<?xml version="1.0" encoding="utf-8"?>
<Project ToolsVersion="4.0" xmlns="http://schemas.microsoft.com/developer/msbuild/2003">
  <ItemGroup>
    <ClCompile Include="..\..\src\rheaExternalSerialAPI\ESAPI.cpp" />
    <ClCompile Include="..\..\src\rheaExternalSerialAPI\ESAPICore.cpp" />
    <ClCompile Include="..\..\src\rheaExternalSerialAPI\ESAPIModuleRaw.cpp" />
    <ClCompile Include="..\..\src\rheaExternalSerialAPI\ESAPISubscriberList.cpp" />
    <ClCompile Include="..\..\src\rheaExternalSerialAPI\ESAPIModuleRasPI.cpp" />
    <ClCompile Include="..\..\src\rheaExternalSerialAPI\ESAPIProtocol.cpp" />
    <ClCompile Include="..\..\src\rheaExternalSerialAPI\ESAPIShared.cpp" />
  </ItemGroup>
  <ItemGroup>
    <ClInclude Include="..\..\src\rheaExternalSerialAPI\ESAPI.h" />
    <ClInclude Include="..\..\src\rheaExternalSerialAPI\ESAPICore.h" />
    <ClInclude Include="..\..\src\rheaExternalSerialAPI\ESAPIEnumAndDefine.h" />
    <ClInclude Include="..\..\src\rheaExternalSerialAPI\ESAPIModuleRaw.h" />
    <ClInclude Include="..\..\src\rheaExternalSerialAPI\ESAPISubscriberList.h" />
    <ClInclude Include="..\..\src\rheaExternalSerialAPI\ESAPIModuleRasPI.h" />
    <ClInclude Include="..\..\src\rheaExternalSerialAPI\ESAPIShared.h" />
    <ClInclude Include="..\..\src\rheaExternalSerialAPI\ESAPIProtocol.h" />
  </ItemGroup>
</Project>