<?xml version="1.0" encoding="utf-8"?>
<Project ToolsVersion="4.0" xmlns="http://schemas.microsoft.com/developer/msbuild/2003">
  <ItemGroup>
    <Filter Include="CmdHandler">
      <UniqueIdentifier>{fabc77cd-1aef-4339-a9d0-ceb2dbea9cb2}</UniqueIdentifier>
    </Filter>
    <Filter Include="CmdHandler\ajax">
      <UniqueIdentifier>{9f32f6e4-6be2-43a9-a88c-050737c161ce}</UniqueIdentifier>
    </Filter>
    <Filter Include="CmdHandler\event">
      <UniqueIdentifier>{81ee35b6-3e99-4a9a-9c8e-5953762f48a4}</UniqueIdentifier>
    </Filter>
  </ItemGroup>
  <ItemGroup>
    <ClCompile Include="..\..\src\SocketBridge\CmdHandler.cpp" />
    <ClCompile Include="..\..\src\SocketBridge\CmdHandler_ajaxReq.cpp" />
    <ClCompile Include="..\..\src\SocketBridge\CmdHandler_eventReq.cpp" />
    <ClCompile Include="..\..\src\SocketBridge\IdentifiedClientList.cpp" />
    <ClCompile Include="..\..\src\SocketBridge\SocketBridge.cpp" />
    <ClCompile Include="..\..\src\SocketBridge\SocketBridgeServer.cpp" />
    <ClCompile Include="..\..\src\SocketBridge\SocketBridgeFileT.cpp" />
    <ClCompile Include="..\..\src\SocketBridge\DBList.cpp" />
    <ClCompile Include="..\..\src\SocketBridge\CmdHandler\CmdHandler_ajaxReqDBC.cpp">
      <Filter>CmdHandler\ajax</Filter>
    </ClCompile>
    <ClCompile Include="..\..\src\SocketBridge\CmdHandler\CmdHandler_ajaxReqDBQ.cpp">
      <Filter>CmdHandler\ajax</Filter>
    </ClCompile>
    <ClCompile Include="..\..\src\SocketBridge\CmdHandler\CmdHandler_ajaxReqSelAvailability.cpp">
      <Filter>CmdHandler\ajax</Filter>
    </ClCompile>
    <ClCompile Include="..\..\src\SocketBridge\CmdHandler\CmdHandler_ajaxReqSelPrices.cpp">
      <Filter>CmdHandler\ajax</Filter>
    </ClCompile>
    <ClCompile Include="..\..\src\SocketBridge\CmdHandler\CmdHandler_eventReqClientList.cpp">
      <Filter>CmdHandler\event</Filter>
    </ClCompile>
    <ClCompile Include="..\..\src\SocketBridge\CmdHandler\CmdHandler_eventReqCPUMessage.cpp">
      <Filter>CmdHandler\event</Filter>
    </ClCompile>
    <ClCompile Include="..\..\src\SocketBridge\CmdHandler\CmdHandler_eventReqCPUStatus.cpp">
      <Filter>CmdHandler\event</Filter>
    </ClCompile>
    <ClCompile Include="..\..\src\SocketBridge\CmdHandler\CmdHandler_eventReqCreditUpdated.cpp">
      <Filter>CmdHandler\event</Filter>
    </ClCompile>
    <ClCompile Include="..\..\src\SocketBridge\CmdHandler\CmdHandler_eventReqSelAvailability.cpp">
      <Filter>CmdHandler\event</Filter>
    </ClCompile>
    <ClCompile Include="..\..\src\SocketBridge\CmdHandler\CmdHandler_eventReqSelPrices.cpp">
      <Filter>CmdHandler\event</Filter>
    </ClCompile>
    <ClCompile Include="..\..\src\SocketBridge\CmdHandler\CmdHandler_eventReqSelStatus.cpp">
      <Filter>CmdHandler\event</Filter>
    </ClCompile>
    <ClCompile Include="..\..\src\SocketBridge\CmdHandler\CmdHandler_eventReqStartSel.cpp">
      <Filter>CmdHandler\event</Filter>
    </ClCompile>
    <ClCompile Include="..\..\src\SocketBridge\CmdHandler\CmdHandler_eventReqStopSel.cpp">
      <Filter>CmdHandler\event</Filter>
    </ClCompile>
    <ClCompile Include="..\..\src\SocketBridge\CmdHandler\CmdHandler_ajaxReqDBE.cpp">
      <Filter>CmdHandler\ajax</Filter>
    </ClCompile>
    <ClCompile Include="..\..\src\SocketBridge\CmdHandler\CmdHandler_eventReqCPUbtnProgPressed.cpp">
      <Filter>CmdHandler\event</Filter>
    </ClCompile>
    <ClCompile Include="..\..\src\SocketBridge\CmdHandler\CmdHandler_eventReqDataAudit.cpp">
      <Filter>CmdHandler\event</Filter>
    </ClCompile>
    <ClCompile Include="..\..\src\SocketBridge\CmdHandler\CmdHandler_eventReqCPUIniParam.cpp">
      <Filter>CmdHandler\event</Filter>
    </ClCompile>
    <ClCompile Include="..\..\src\SocketBridge\CmdHandler\CmdHandler_eventReqVMCDataFile.cpp">
      <Filter>CmdHandler\event</Filter>
    </ClCompile>
    <ClCompile Include="..\..\src\SocketBridge\CmdHandler\CmdHandler_eventReqVMCDataFileTimestamp.cpp">
      <Filter>CmdHandler\event</Filter>
    </ClCompile>
    <ClCompile Include="..\..\src\SocketBridge\CmdHandler\CmdHandler_eventReqWriteLocalVMCDataFile.cpp">
      <Filter>CmdHandler\event</Filter>
    </ClCompile>
  </ItemGroup>
  <ItemGroup>
    <ClInclude Include="..\..\src\SocketBridge\CmdHandler.h" />
    <ClInclude Include="..\..\src\SocketBridge\CmdHandler_ajaxReq.h" />
    <ClInclude Include="..\..\src\SocketBridge\CmdHandler_eventReq.h" />
    <ClInclude Include="..\..\src\SocketBridge\CommandHandlerList.h" />
    <ClInclude Include="..\..\src\SocketBridge\IdentifiedClientList.h" />
    <ClInclude Include="..\..\src\SocketBridge\SocketBridge.h" />
    <ClInclude Include="..\..\src\SocketBridge\SocketBridgeEnumAndDefine.h" />
    <ClInclude Include="..\..\src\SocketBridge\SocketBridgeServer.h" />
    <ClInclude Include="..\..\src\SocketBridge\SocketBridgeVersion.h" />
    <ClInclude Include="..\..\src\SocketBridge\SocketBridgeFileT.h" />
    <ClInclude Include="..\..\src\SocketBridge\SocketBridgeFileTEnumAndDefine.h" />
    <ClInclude Include="..\..\src\SocketBridge\DBList.h" />
    <ClInclude Include="..\..\src\SocketBridge\CmdHandler\CmdHandler_ajaxReqDBC.h">
      <Filter>CmdHandler\ajax</Filter>
    </ClInclude>
    <ClInclude Include="..\..\src\SocketBridge\CmdHandler\CmdHandler_ajaxReqDBQ.h">
      <Filter>CmdHandler\ajax</Filter>
    </ClInclude>
    <ClInclude Include="..\..\src\SocketBridge\CmdHandler\CmdHandler_ajaxReqSelAvailability.h">
      <Filter>CmdHandler\ajax</Filter>
    </ClInclude>
    <ClInclude Include="..\..\src\SocketBridge\CmdHandler\CmdHandler_ajaxReqSelPrices.h">
      <Filter>CmdHandler\ajax</Filter>
    </ClInclude>
    <ClInclude Include="..\..\src\SocketBridge\CmdHandler\CmdHandler_eventReqClientList.h">
      <Filter>CmdHandler\event</Filter>
    </ClInclude>
    <ClInclude Include="..\..\src\SocketBridge\CmdHandler\CmdHandler_eventReqCPUMessage.h">
      <Filter>CmdHandler\event</Filter>
    </ClInclude>
    <ClInclude Include="..\..\src\SocketBridge\CmdHandler\CmdHandler_eventReqCPUStatus.h">
      <Filter>CmdHandler\event</Filter>
    </ClInclude>
    <ClInclude Include="..\..\src\SocketBridge\CmdHandler\CmdHandler_eventReqCreditUpdated.h">
      <Filter>CmdHandler\event</Filter>
    </ClInclude>
    <ClInclude Include="..\..\src\SocketBridge\CmdHandler\CmdHandler_eventReqSelAvailability.h">
      <Filter>CmdHandler\event</Filter>
    </ClInclude>
    <ClInclude Include="..\..\src\SocketBridge\CmdHandler\CmdHandler_eventReqSelPrices.h">
      <Filter>CmdHandler\event</Filter>
    </ClInclude>
    <ClInclude Include="..\..\src\SocketBridge\CmdHandler\CmdHandler_eventReqSelStatus.h">
      <Filter>CmdHandler\event</Filter>
    </ClInclude>
    <ClInclude Include="..\..\src\SocketBridge\CmdHandler\CmdHandler_eventReqStartSel.h">
      <Filter>CmdHandler\event</Filter>
    </ClInclude>
    <ClInclude Include="..\..\src\SocketBridge\CmdHandler\CmdHandler_eventReqStopSel.h">
      <Filter>CmdHandler\event</Filter>
    </ClInclude>
    <ClInclude Include="..\..\src\SocketBridge\CmdHandler\CmdHandler_ajaxReqDBE.h">
      <Filter>CmdHandler\ajax</Filter>
    </ClInclude>
    <ClInclude Include="..\..\src\SocketBridge\CmdHandler\CmdHandler_eventReqCPUbtnProgPressed.h">
      <Filter>CmdHandler\event</Filter>
    </ClInclude>
    <ClInclude Include="..\..\src\SocketBridge\CmdHandler\CmdHandler_eventReqDataAudit.h">
      <Filter>CmdHandler\event</Filter>
    </ClInclude>
    <ClInclude Include="..\..\src\SocketBridge\CmdHandler\CmdHandler_eventReqCPUIniParam.h">
      <Filter>CmdHandler\event</Filter>
    </ClInclude>
    <ClInclude Include="..\..\src\SocketBridge\CmdHandler\CmdHandler_eventReqVMCDataFile.h">
      <Filter>CmdHandler\event</Filter>
    </ClInclude>
    <ClInclude Include="..\..\src\SocketBridge\CmdHandler\CmdHandler_eventReqVMCDataFileTimestamp.h">
      <Filter>CmdHandler\event</Filter>
    </ClInclude>
    <ClInclude Include="..\..\src\SocketBridge\CmdHandler\CmdHandler_eventReqWriteLocalVMCDataFile.h">
      <Filter>CmdHandler\event</Filter>
    </ClInclude>
  </ItemGroup>
</Project>