<?xml version="1.0" encoding="utf-8"?>
<Project ToolsVersion="4.0" xmlns="http://schemas.microsoft.com/developer/msbuild/2003">
  <ItemGroup>
    <Filter Include="CmdHandler">
      <UniqueIdentifier>{fabc77cd-1aef-4339-a9d0-ceb2dbea9cb2}</UniqueIdentifier>
    </Filter>
    <Filter Include="CmdHandler\ajax">
      <UniqueIdentifier>{9f32f6e4-6be2-43a9-a88c-050737c161ce}</UniqueIdentifier>
    </Filter>
    <Filter Include="CmdHandler\event">
      <UniqueIdentifier>{81ee35b6-3e99-4a9a-9c8e-5953762f48a4}</UniqueIdentifier>
    </Filter>
    <Filter Include="Task">
      <UniqueIdentifier>{e8862ee6-f58e-4de1-9e9b-959101cdd178}</UniqueIdentifier>
    </Filter>
  </ItemGroup>
  <ItemGroup>
    <ClCompile Include="..\..\src\SocketBridge\CmdHandler.cpp" />
    <ClCompile Include="..\..\src\SocketBridge\CmdHandler_ajaxReq.cpp" />
    <ClCompile Include="..\..\src\SocketBridge\CmdHandler_eventReq.cpp" />
    <ClCompile Include="..\..\src\SocketBridge\IdentifiedClientList.cpp" />
    <ClCompile Include="..\..\src\SocketBridge\SocketBridge.cpp" />
    <ClCompile Include="..\..\src\SocketBridge\SocketBridgeServer.cpp" />
    <ClCompile Include="..\..\src\SocketBridge\SocketBridgeFileT.cpp" />
    <ClCompile Include="..\..\src\SocketBridge\DBList.cpp" />
    <ClCompile Include="..\..\src\SocketBridge\CmdHandler\CmdHandler_ajaxReqDBC.cpp">
      <Filter>CmdHandler\ajax</Filter>
    </ClCompile>
    <ClCompile Include="..\..\src\SocketBridge\CmdHandler\CmdHandler_ajaxReqDBQ.cpp">
      <Filter>CmdHandler\ajax</Filter>
    </ClCompile>
    <ClCompile Include="..\..\src\SocketBridge\CmdHandler\CmdHandler_ajaxReqSelAvailability.cpp">
      <Filter>CmdHandler\ajax</Filter>
    </ClCompile>
    <ClCompile Include="..\..\src\SocketBridge\CmdHandler\CmdHandler_ajaxReqSelPrices.cpp">
      <Filter>CmdHandler\ajax</Filter>
    </ClCompile>
    <ClCompile Include="..\..\src\SocketBridge\CmdHandler\CmdHandler_eventReqClientList.cpp">
      <Filter>CmdHandler\event</Filter>
    </ClCompile>
    <ClCompile Include="..\..\src\SocketBridge\CmdHandler\CmdHandler_eventReqCPUMessage.cpp">
      <Filter>CmdHandler\event</Filter>
    </ClCompile>
    <ClCompile Include="..\..\src\SocketBridge\CmdHandler\CmdHandler_eventReqCPUStatus.cpp">
      <Filter>CmdHandler\event</Filter>
    </ClCompile>
    <ClCompile Include="..\..\src\SocketBridge\CmdHandler\CmdHandler_eventReqCreditUpdated.cpp">
      <Filter>CmdHandler\event</Filter>
    </ClCompile>
    <ClCompile Include="..\..\src\SocketBridge\CmdHandler\CmdHandler_eventReqSelAvailability.cpp">
      <Filter>CmdHandler\event</Filter>
    </ClCompile>
    <ClCompile Include="..\..\src\SocketBridge\CmdHandler\CmdHandler_eventReqSelPrices.cpp">
      <Filter>CmdHandler\event</Filter>
    </ClCompile>
    <ClCompile Include="..\..\src\SocketBridge\CmdHandler\CmdHandler_eventReqSelStatus.cpp">
      <Filter>CmdHandler\event</Filter>
    </ClCompile>
    <ClCompile Include="..\..\src\SocketBridge\CmdHandler\CmdHandler_eventReqStartSel.cpp">
      <Filter>CmdHandler\event</Filter>
    </ClCompile>
    <ClCompile Include="..\..\src\SocketBridge\CmdHandler\CmdHandler_eventReqStopSel.cpp">
      <Filter>CmdHandler\event</Filter>
    </ClCompile>
    <ClCompile Include="..\..\src\SocketBridge\CmdHandler\CmdHandler_ajaxReqDBE.cpp">
      <Filter>CmdHandler\ajax</Filter>
    </ClCompile>
    <ClCompile Include="..\..\src\SocketBridge\CmdHandler\CmdHandler_eventReqCPUbtnProgPressed.cpp">
      <Filter>CmdHandler\event</Filter>
    </ClCompile>
    <ClCompile Include="..\..\src\SocketBridge\CmdHandler\CmdHandler_eventReqDataAudit.cpp">
      <Filter>CmdHandler\event</Filter>
    </ClCompile>
    <ClCompile Include="..\..\src\SocketBridge\CmdHandler\CmdHandler_eventReqCPUIniParam.cpp">
      <Filter>CmdHandler\event</Filter>
    </ClCompile>
    <ClCompile Include="..\..\src\SocketBridge\CmdHandler\CmdHandler_eventReqVMCDataFile.cpp">
      <Filter>CmdHandler\event</Filter>
    </ClCompile>
    <ClCompile Include="..\..\src\SocketBridge\CmdHandler\CmdHandler_eventReqVMCDataFileTimestamp.cpp">
      <Filter>CmdHandler\event</Filter>
    </ClCompile>
    <ClCompile Include="..\..\src\SocketBridge\CmdHandler\CmdHandler_eventReqWriteLocalVMCDataFile.cpp">
      <Filter>CmdHandler\event</Filter>
    </ClCompile>
    <ClCompile Include="..\..\src\SocketBridge\CmdHandler\CmdHandler_eventReqCPUProgrammingCmd.cpp">
      <Filter>CmdHandler\event</Filter>
    </ClCompile>
    <ClCompile Include="..\..\src\SocketBridge\CmdHandler\CmdHandler_eventReqCPUSanWashingStatus.cpp">
      <Filter>CmdHandler\event</Filter>
    </ClCompile>
    <ClCompile Include="..\..\src\SocketBridge\CmdHandler\CmdHandler_ajaxReqSanWashStatus.cpp">
      <Filter>CmdHandler\ajax</Filter>
    </ClCompile>
    <ClCompile Include="..\..\src\SocketBridge\CmdHandler\CmdHandler_eventReqBtnPressed.cpp">
      <Filter>CmdHandler\event</Filter>
    </ClCompile>
    <ClCompile Include="..\..\src\SocketBridge\CmdHandler\CmdHandler_eventReqPartialVMCDataFile.cpp">
      <Filter>CmdHandler\event</Filter>
    </ClCompile>
    <ClCompile Include="..\..\src\SocketBridge\CmdHandler\CmdHandler_ajaxReqVMCDataFileTimestamp.cpp">
      <Filter>CmdHandler\ajax</Filter>
    </ClCompile>
    <ClCompile Include="..\..\src\SocketBridge\CmdHandler\CmdHandler_ajaxReqGetAllDecounterValues.cpp">
      <Filter>CmdHandler\ajax</Filter>
    </ClCompile>
    <ClCompile Include="..\..\src\SocketBridge\CmdHandler\CmdHandler_eventReqCPUExtendedConfigInfo.cpp">
      <Filter>CmdHandler\event</Filter>
    </ClCompile>
    <ClCompile Include="..\..\src\SocketBridge\CmdHandler\CmdHandler_ajaxReqSetDecounter.cpp">
      <Filter>CmdHandler\ajax</Filter>
    </ClCompile>
    <ClCompile Include="..\..\src\SocketBridge\CmdHandler\CmdHandler_eventReqSetDecounter.cpp">
      <Filter>CmdHandler\event</Filter>
    </ClCompile>
    <ClCompile Include="..\..\src\SocketBridge\CmdHandler\CmdHandler_eventReqGetAllDecounters.cpp">
      <Filter>CmdHandler\event</Filter>
    </ClCompile>
    <ClCompile Include="..\..\src\SocketBridge\CmdHandler\CmdHandler_ajaxReqmachineTypeAndModel.cpp">
      <Filter>CmdHandler\ajax</Filter>
    </ClCompile>
    <ClCompile Include="..\..\src\SocketBridge\CmdHandler\CmdHandler_ajaxReqSetCalibFactor.cpp">
      <Filter>CmdHandler\ajax</Filter>
    </ClCompile>
    <ClCompile Include="..\..\src\SocketBridge\CmdHandler\CmdHandler_ajaxReqStatoGruppo.cpp">
      <Filter>CmdHandler\ajax</Filter>
    </ClCompile>
    <ClCompile Include="..\..\src\SocketBridge\CmdHandler\CmdHandler_ajaxReqAttivazioneMotore.cpp">
      <Filter>CmdHandler\ajax</Filter>
    </ClCompile>
    <ClCompile Include="..\..\src\SocketBridge\CmdHandler\CmdHandler_ajaxReqStartImpulseCalc.cpp">
      <Filter>CmdHandler\ajax</Filter>
    </ClCompile>
    <ClCompile Include="..\..\src\SocketBridge\CmdHandler\CmdHandler_ajaxReqQueryImpulseCalcStatus.cpp">
      <Filter>CmdHandler\ajax</Filter>
    </ClCompile>
    <ClCompile Include="..\..\src\SocketBridge\CmdHandler\CmdHandler_ajaxReqGetTime.cpp">
      <Filter>CmdHandler\ajax</Filter>
    </ClCompile>
    <ClCompile Include="..\..\src\SocketBridge\CmdHandler\CmdHandler_ajaxReqGetDate.cpp">
      <Filter>CmdHandler\ajax</Filter>
    </ClCompile>
    <ClCompile Include="..\..\src\SocketBridge\CmdHandler\CmdHandler_ajaxReqSetTime.cpp">
      <Filter>CmdHandler\ajax</Filter>
    </ClCompile>
    <ClCompile Include="..\..\src\SocketBridge\CmdHandler\CmdHandler_ajaxReqSetDate.cpp">
      <Filter>CmdHandler\ajax</Filter>
    </ClCompile>
    <ClCompile Include="..\..\src\SocketBridge\CmdHandler\CmdHandler_eventReqSetMotoreMacina.cpp">
      <Filter>CmdHandler\event</Filter>
    </ClCompile>
    <ClCompile Include="..\..\src\SocketBridge\CmdHandler\CmdHandler_eventReqGetPosizioneMacina.cpp">
      <Filter>CmdHandler\event</Filter>
    </ClCompile>
    <ClCompile Include="..\..\src\SocketBridge\CmdHandler\CmdHandler_ajaxReqTestSelection.cpp">
      <Filter>CmdHandler\ajax</Filter>
    </ClCompile>
    <ClCompile Include="..\..\src\SocketBridge\CmdHandler\CmdHandler_ajaxReqGetPosizioneMacina.cpp">
      <Filter>CmdHandler\ajax</Filter>
    </ClCompile>
    <ClCompile Include="..\..\src\SocketBridge\CmdHandler\CmdHandler_eventReqSetPosizioneMacina.cpp">
      <Filter>CmdHandler\event</Filter>
    </ClCompile>
    <ClCompile Include="..\..\src\SocketBridge\CmdHandler\CmdHandler_ajaxReqNomiLingueCPU.cpp">
      <Filter>CmdHandler\ajax</Filter>
    </ClCompile>
    <ClCompile Include="..\..\src\SocketBridge\CmdHandler\CmdHandler_eventReqStartDisintallation.cpp">
      <Filter>CmdHandler\event</Filter>
    </ClCompile>
    <ClCompile Include="..\..\src\SocketBridge\CmdHandler\CmdHandler_eventReqRecalcFasciaOrariaFV.cpp">
      <Filter>CmdHandler\event</Filter>
    </ClCompile>
    <ClCompile Include="..\..\src\SocketBridge\CmdHandler\CmdHandler_ajaxReqFSFileList.cpp">
      <Filter>CmdHandler\ajax</Filter>
    </ClCompile>
    <ClCompile Include="..\..\src\SocketBridge\CmdHandler\CmdHandler_ajaxReqFSFileCopy.cpp">
      <Filter>CmdHandler\ajax</Filter>
    </ClCompile>
    <ClCompile Include="..\..\src\SocketBridge\CmdHandler\CmdHandler_ajaxReqResetEVA.cpp">
      <Filter>CmdHandler\ajax</Filter>
    </ClCompile>
    <ClCompile Include="..\..\src\SocketBridge\CmdHandler\CmdHandler_ajaxReqFSDriveList.cpp">
      <Filter>CmdHandler\ajax</Filter>
    </ClCompile>
    <ClCompile Include="..\..\src\SocketBridge\SocketBridgeTask.cpp">
      <Filter>Task</Filter>
    </ClCompile>
    <ClCompile Include="..\..\src\SocketBridge\SocketBridgeTaskStatus.cpp">
      <Filter>Task</Filter>
    </ClCompile>
    <ClCompile Include="..\..\src\SocketBridge\SocketBridgeTaskFactory.cpp">
      <Filter>Task</Filter>
    </ClCompile>
    <ClCompile Include="..\..\src\SocketBridge\CmdHandler\CmdHandler_ajaxReqTaskSpawn.cpp">
      <Filter>CmdHandler\ajax</Filter>
    </ClCompile>
    <ClCompile Include="..\..\src\SocketBridge\CmdHandler\CmdHandler_ajaxReqTaskStatus.cpp">
      <Filter>CmdHandler\ajax</Filter>
    </ClCompile>
    <ClCompile Include="..\..\src\SocketBridge\CmdHandler\CmdHandler_ajaxReqDBCloseByPath.cpp">
      <Filter>CmdHandler\ajax</Filter>
    </ClCompile>
    <ClCompile Include="..\..\src\SocketBridge\CmdHandler\CmdHandler_ajaxReqIsManualInstalled.cpp">
      <Filter>CmdHandler\ajax</Filter>
    </ClCompile>
    <ClCompile Include="..\..\src\SocketBridge\CmdHandler\CmdHandler_ajaxReqGetVoltageAndTemp.cpp">
      <Filter>CmdHandler\ajax</Filter>
    </ClCompile>
  </ItemGroup>
  <ItemGroup>
    <ClInclude Include="..\..\src\SocketBridge\CmdHandler.h" />
    <ClInclude Include="..\..\src\SocketBridge\CmdHandler_ajaxReq.h" />
    <ClInclude Include="..\..\src\SocketBridge\CmdHandler_eventReq.h" />
    <ClInclude Include="..\..\src\SocketBridge\CommandHandlerList.h" />
    <ClInclude Include="..\..\src\SocketBridge\IdentifiedClientList.h" />
    <ClInclude Include="..\..\src\SocketBridge\SocketBridge.h" />
    <ClInclude Include="..\..\src\SocketBridge\SocketBridgeEnumAndDefine.h" />
    <ClInclude Include="..\..\src\SocketBridge\SocketBridgeServer.h" />
    <ClInclude Include="..\..\src\SocketBridge\SocketBridgeVersion.h" />
    <ClInclude Include="..\..\src\SocketBridge\SocketBridgeFileT.h" />
    <ClInclude Include="..\..\src\SocketBridge\SocketBridgeFileTEnumAndDefine.h" />
    <ClInclude Include="..\..\src\SocketBridge\DBList.h" />
    <ClInclude Include="..\..\src\SocketBridge\CmdHandler\CmdHandler_ajaxReqDBC.h">
      <Filter>CmdHandler\ajax</Filter>
    </ClInclude>
    <ClInclude Include="..\..\src\SocketBridge\CmdHandler\CmdHandler_ajaxReqDBQ.h">
      <Filter>CmdHandler\ajax</Filter>
    </ClInclude>
    <ClInclude Include="..\..\src\SocketBridge\CmdHandler\CmdHandler_ajaxReqSelAvailability.h">
      <Filter>CmdHandler\ajax</Filter>
    </ClInclude>
    <ClInclude Include="..\..\src\SocketBridge\CmdHandler\CmdHandler_ajaxReqSelPrices.h">
      <Filter>CmdHandler\ajax</Filter>
    </ClInclude>
    <ClInclude Include="..\..\src\SocketBridge\CmdHandler\CmdHandler_eventReqClientList.h">
      <Filter>CmdHandler\event</Filter>
    </ClInclude>
    <ClInclude Include="..\..\src\SocketBridge\CmdHandler\CmdHandler_eventReqCPUMessage.h">
      <Filter>CmdHandler\event</Filter>
    </ClInclude>
    <ClInclude Include="..\..\src\SocketBridge\CmdHandler\CmdHandler_eventReqCPUStatus.h">
      <Filter>CmdHandler\event</Filter>
    </ClInclude>
    <ClInclude Include="..\..\src\SocketBridge\CmdHandler\CmdHandler_eventReqCreditUpdated.h">
      <Filter>CmdHandler\event</Filter>
    </ClInclude>
    <ClInclude Include="..\..\src\SocketBridge\CmdHandler\CmdHandler_eventReqSelAvailability.h">
      <Filter>CmdHandler\event</Filter>
    </ClInclude>
    <ClInclude Include="..\..\src\SocketBridge\CmdHandler\CmdHandler_eventReqSelPrices.h">
      <Filter>CmdHandler\event</Filter>
    </ClInclude>
    <ClInclude Include="..\..\src\SocketBridge\CmdHandler\CmdHandler_eventReqSelStatus.h">
      <Filter>CmdHandler\event</Filter>
    </ClInclude>
    <ClInclude Include="..\..\src\SocketBridge\CmdHandler\CmdHandler_eventReqStartSel.h">
      <Filter>CmdHandler\event</Filter>
    </ClInclude>
    <ClInclude Include="..\..\src\SocketBridge\CmdHandler\CmdHandler_eventReqStopSel.h">
      <Filter>CmdHandler\event</Filter>
    </ClInclude>
    <ClInclude Include="..\..\src\SocketBridge\CmdHandler\CmdHandler_ajaxReqDBE.h">
      <Filter>CmdHandler\ajax</Filter>
    </ClInclude>
    <ClInclude Include="..\..\src\SocketBridge\CmdHandler\CmdHandler_eventReqCPUbtnProgPressed.h">
      <Filter>CmdHandler\event</Filter>
    </ClInclude>
    <ClInclude Include="..\..\src\SocketBridge\CmdHandler\CmdHandler_eventReqDataAudit.h">
      <Filter>CmdHandler\event</Filter>
    </ClInclude>
    <ClInclude Include="..\..\src\SocketBridge\CmdHandler\CmdHandler_eventReqCPUIniParam.h">
      <Filter>CmdHandler\event</Filter>
    </ClInclude>
    <ClInclude Include="..\..\src\SocketBridge\CmdHandler\CmdHandler_eventReqVMCDataFile.h">
      <Filter>CmdHandler\event</Filter>
    </ClInclude>
    <ClInclude Include="..\..\src\SocketBridge\CmdHandler\CmdHandler_eventReqVMCDataFileTimestamp.h">
      <Filter>CmdHandler\event</Filter>
    </ClInclude>
    <ClInclude Include="..\..\src\SocketBridge\CmdHandler\CmdHandler_eventReqWriteLocalVMCDataFile.h">
      <Filter>CmdHandler\event</Filter>
    </ClInclude>
    <ClInclude Include="..\..\src\SocketBridge\CmdHandler\CmdHandler_eventReqCPUProgrammingCmd.h">
      <Filter>CmdHandler\event</Filter>
    </ClInclude>
    <ClInclude Include="..\..\src\SocketBridge\CmdHandler\CmdHandler_eventReqCPUSanWashingStatus.h">
      <Filter>CmdHandler\event</Filter>
    </ClInclude>
    <ClInclude Include="..\..\src\SocketBridge\CmdHandler\CmdHandler_ajaxReqSanWashStatus.h">
      <Filter>CmdHandler\ajax</Filter>
    </ClInclude>
    <ClInclude Include="..\..\src\SocketBridge\CmdHandler\CmdHandler_eventReqBtnPressed.h">
      <Filter>CmdHandler\event</Filter>
    </ClInclude>
    <ClInclude Include="..\..\src\SocketBridge\CmdHandler\CmdHandler_eventReqPartialVMCDataFile.h">
      <Filter>CmdHandler\event</Filter>
    </ClInclude>
    <ClInclude Include="..\..\src\SocketBridge\CmdHandler\CmdHandler_ajaxReqVMCDataFileTimestamp.h">
      <Filter>CmdHandler\ajax</Filter>
    </ClInclude>
    <ClInclude Include="..\..\src\SocketBridge\CmdHandler\CmdHandler_ajaxReqGetAllDecounterValues.h">
      <Filter>CmdHandler\ajax</Filter>
    </ClInclude>
    <ClInclude Include="..\..\src\SocketBridge\CmdHandler\CmdHandler_eventReqCPUExtendedConfigInfo.h">
      <Filter>CmdHandler\event</Filter>
    </ClInclude>
    <ClInclude Include="..\..\src\SocketBridge\CmdHandler\CmdHandler_ajaxReqSetDecounter.h">
      <Filter>CmdHandler\ajax</Filter>
    </ClInclude>
    <ClInclude Include="..\..\src\SocketBridge\CmdHandler\CmdHandler_eventReqSetDecounter.h">
      <Filter>CmdHandler\event</Filter>
    </ClInclude>
    <ClInclude Include="..\..\src\SocketBridge\CmdHandler\CmdHandler_eventReqGetAllDecounters.h">
      <Filter>CmdHandler\event</Filter>
    </ClInclude>
    <ClInclude Include="..\..\src\SocketBridge\CmdHandler\CmdHandler_ajaxReqmachineTypeAndModel.h">
      <Filter>CmdHandler\ajax</Filter>
    </ClInclude>
    <ClInclude Include="..\..\src\SocketBridge\CmdHandler\CmdHandler_ajaxReqSetCalibFactor.h">
      <Filter>CmdHandler\ajax</Filter>
    </ClInclude>
    <ClInclude Include="..\..\src\SocketBridge\CmdHandler\CmdHandler_ajaxReqStatoGruppo.h">
      <Filter>CmdHandler\ajax</Filter>
    </ClInclude>
    <ClInclude Include="..\..\src\SocketBridge\CmdHandler\CmdHandler_ajaxReqAttivazioneMotore.h">
      <Filter>CmdHandler\ajax</Filter>
    </ClInclude>
    <ClInclude Include="..\..\src\SocketBridge\CmdHandler\CmdHandler_ajaxReqStartImpulseCalc.h">
      <Filter>CmdHandler\ajax</Filter>
    </ClInclude>
    <ClInclude Include="..\..\src\SocketBridge\CmdHandler\CmdHandler_ajaxReqQueryImpulseCalcStatus.h">
      <Filter>CmdHandler\ajax</Filter>
    </ClInclude>
    <ClInclude Include="..\..\src\SocketBridge\CmdHandler\CmdHandler_ajaxReqGetTime.h">
      <Filter>CmdHandler\ajax</Filter>
    </ClInclude>
    <ClInclude Include="..\..\src\SocketBridge\CmdHandler\CmdHandler_ajaxReqGetDate.h">
      <Filter>CmdHandler\ajax</Filter>
    </ClInclude>
    <ClInclude Include="..\..\src\SocketBridge\CmdHandler\CmdHandler_ajaxReqSetTime.h">
      <Filter>CmdHandler\ajax</Filter>
    </ClInclude>
    <ClInclude Include="..\..\src\SocketBridge\CmdHandler\CmdHandler_ajaxReqSetDate.h">
      <Filter>CmdHandler\ajax</Filter>
    </ClInclude>
    <ClInclude Include="..\..\src\SocketBridge\CmdHandler\CmdHandler_eventReqSetMotoreMacina.h">
      <Filter>CmdHandler\event</Filter>
    </ClInclude>
    <ClInclude Include="..\..\src\SocketBridge\CmdHandler\CmdHandler_eventReqGetPosizioneMacina.h">
      <Filter>CmdHandler\event</Filter>
    </ClInclude>
    <ClInclude Include="..\..\src\SocketBridge\CmdHandler\CmdHandler_ajaxReqTestSelection.h">
      <Filter>CmdHandler\ajax</Filter>
    </ClInclude>
    <ClInclude Include="..\..\src\SocketBridge\CmdHandler\CmdHandler_ajaxReqGetPosizioneMacina.h">
      <Filter>CmdHandler\ajax</Filter>
    </ClInclude>
    <ClInclude Include="..\..\src\SocketBridge\CmdHandler\CmdHandler_eventReqSetPosizioneMacina.h">
      <Filter>CmdHandler\event</Filter>
    </ClInclude>
    <ClInclude Include="..\..\src\SocketBridge\CmdHandler\CmdHandler_ajaxReqNomiLingueCPU.h">
      <Filter>CmdHandler\ajax</Filter>
    </ClInclude>
    <ClInclude Include="..\..\src\SocketBridge\CmdHandler\CmdHandler_eventReqStartDisintallation.h">
      <Filter>CmdHandler\event</Filter>
    </ClInclude>
    <ClInclude Include="..\..\src\SocketBridge\CmdHandler\CmdHandler_eventReqRecalcFasciaOrariaFV.h">
      <Filter>CmdHandler\event</Filter>
    </ClInclude>
    <ClInclude Include="..\..\src\SocketBridge\CmdHandler\CmdHandler_ajaxReqFSFileList.h">
      <Filter>CmdHandler\ajax</Filter>
    </ClInclude>
    <ClInclude Include="..\..\src\SocketBridge\CmdHandler\CmdHandler_ajaxReqFSFileCopy.h">
      <Filter>CmdHandler\ajax</Filter>
    </ClInclude>
    <ClInclude Include="..\..\src\SocketBridge\CmdHandler\CmdHandler_ajaxReqResetEVA.h">
      <Filter>CmdHandler\ajax</Filter>
    </ClInclude>
    <ClInclude Include="..\..\src\SocketBridge\CmdHandler\CmdHandler_ajaxReqFSDriveList.h">
      <Filter>CmdHandler\ajax</Filter>
    </ClInclude>
    <ClInclude Include="..\..\src\SocketBridge\SocketBridgeTask.h">
      <Filter>Task</Filter>
    </ClInclude>
    <ClInclude Include="..\..\src\SocketBridge\SocketBridgeTaskFactory.h">
      <Filter>Task</Filter>
    </ClInclude>
    <ClInclude Include="..\..\src\SocketBridge\CmdHandler\CmdHandler_ajaxReqTaskSpawn.h">
      <Filter>CmdHandler\ajax</Filter>
    </ClInclude>
    <ClInclude Include="..\..\src\SocketBridge\CmdHandler\CmdHandler_ajaxReqTaskStatus.h">
      <Filter>CmdHandler\ajax</Filter>
    </ClInclude>
    <ClInclude Include="..\..\src\SocketBridge\CmdHandler\CmdHandler_ajaxReqDBCloseByPath.h">
      <Filter>CmdHandler\ajax</Filter>
    </ClInclude>
    <ClInclude Include="..\..\src\SocketBridge\CmdHandler\CmdHandler_ajaxReqIsManualInstalled.h">
      <Filter>CmdHandler\ajax</Filter>
    </ClInclude>
    <ClInclude Include="..\..\src\SocketBridge\CmdHandler\CmdHandler_ajaxReqGetVoltageAndTemp.h">
      <Filter>CmdHandler\ajax</Filter>
    </ClInclude>
  </ItemGroup>
</Project>