<?xml version="1.0" encoding="utf-8"?>
<Project ToolsVersion="4.0" xmlns="http://schemas.microsoft.com/developer/msbuild/2003">
  <ItemGroup>
    <Filter Include="CmdHandler">
      <UniqueIdentifier>{fabc77cd-1aef-4339-a9d0-ceb2dbea9cb2}</UniqueIdentifier>
    </Filter>
    <Filter Include="CmdHandler\ajax">
      <UniqueIdentifier>{9f32f6e4-6be2-43a9-a88c-050737c161ce}</UniqueIdentifier>
    </Filter>
    <Filter Include="CmdHandler\event">
      <UniqueIdentifier>{81ee35b6-3e99-4a9a-9c8e-5953762f48a4}</UniqueIdentifier>
    </Filter>
    <Filter Include="Task">
      <UniqueIdentifier>{e8862ee6-f58e-4de1-9e9b-959101cdd178}</UniqueIdentifier>
    </Filter>
    <Filter Include="CmdHandler\ajax\DB">
      <UniqueIdentifier>{0af316d6-4cd0-4ccc-9d3b-8a96d724f10a}</UniqueIdentifier>
    </Filter>
    <Filter Include="CmdHandler\ajax\FileSystem">
      <UniqueIdentifier>{0b8bffe0-a9f5-4e8c-84d7-8737117a9fd1}</UniqueIdentifier>
    </Filter>
    <Filter Include="CmdHandler\ajax\Task">
      <UniqueIdentifier>{d467f271-7a93-4603-a692-1c9ad479fdc3}</UniqueIdentifier>
    </Filter>
    <Filter Include="CmdHandler\ajax\Prog">
      <UniqueIdentifier>{6e5974cf-6785-4969-98c2-266309b2af27}</UniqueIdentifier>
    </Filter>
    <Filter Include="CmdHandler\event\Prog">
      <UniqueIdentifier>{59921bac-c196-46f2-b180-39b2c2421236}</UniqueIdentifier>
    </Filter>
  </ItemGroup>
  <ItemGroup>
    <ClCompile Include="..\..\src\SocketBridge\CmdHandler.cpp" />
    <ClCompile Include="..\..\src\SocketBridge\CmdHandler_ajaxReq.cpp" />
    <ClCompile Include="..\..\src\SocketBridge\CmdHandler_eventReq.cpp" />
    <ClCompile Include="..\..\src\SocketBridge\IdentifiedClientList.cpp" />
    <ClCompile Include="..\..\src\SocketBridge\SocketBridge.cpp" />
    <ClCompile Include="..\..\src\SocketBridge\SocketBridgeServer.cpp" />
    <ClCompile Include="..\..\src\SocketBridge\SocketBridgeFileT.cpp" />
    <ClCompile Include="..\..\src\SocketBridge\DBList.cpp" />
    <ClCompile Include="..\..\src\SocketBridge\CmdHandler\CmdHandler_ajaxReqSelAvailability.cpp">
      <Filter>CmdHandler\ajax</Filter>
    </ClCompile>
    <ClCompile Include="..\..\src\SocketBridge\CmdHandler\CmdHandler_ajaxReqSelPrices.cpp">
      <Filter>CmdHandler\ajax</Filter>
    </ClCompile>
    <ClCompile Include="..\..\src\SocketBridge\CmdHandler\CmdHandler_eventReqClientList.cpp">
      <Filter>CmdHandler\event</Filter>
    </ClCompile>
    <ClCompile Include="..\..\src\SocketBridge\CmdHandler\CmdHandler_eventReqCPUMessage.cpp">
      <Filter>CmdHandler\event</Filter>
    </ClCompile>
    <ClCompile Include="..\..\src\SocketBridge\CmdHandler\CmdHandler_eventReqCPUStatus.cpp">
      <Filter>CmdHandler\event</Filter>
    </ClCompile>
    <ClCompile Include="..\..\src\SocketBridge\CmdHandler\CmdHandler_eventReqCreditUpdated.cpp">
      <Filter>CmdHandler\event</Filter>
    </ClCompile>
    <ClCompile Include="..\..\src\SocketBridge\CmdHandler\CmdHandler_eventReqSelAvailability.cpp">
      <Filter>CmdHandler\event</Filter>
    </ClCompile>
    <ClCompile Include="..\..\src\SocketBridge\CmdHandler\CmdHandler_eventReqSelPrices.cpp">
      <Filter>CmdHandler\event</Filter>
    </ClCompile>
    <ClCompile Include="..\..\src\SocketBridge\CmdHandler\CmdHandler_eventReqSelStatus.cpp">
      <Filter>CmdHandler\event</Filter>
    </ClCompile>
    <ClCompile Include="..\..\src\SocketBridge\CmdHandler\CmdHandler_eventReqStartSel.cpp">
      <Filter>CmdHandler\event</Filter>
    </ClCompile>
    <ClCompile Include="..\..\src\SocketBridge\CmdHandler\CmdHandler_eventReqStopSel.cpp">
      <Filter>CmdHandler\event</Filter>
    </ClCompile>
    <ClCompile Include="..\..\src\SocketBridge\CmdHandler\CmdHandler_eventReqCPUbtnProgPressed.cpp">
      <Filter>CmdHandler\event</Filter>
    </ClCompile>
    <ClCompile Include="..\..\src\SocketBridge\CmdHandler\CmdHandler_eventReqDataAudit.cpp">
      <Filter>CmdHandler\event</Filter>
    </ClCompile>
    <ClCompile Include="..\..\src\SocketBridge\CmdHandler\CmdHandler_eventReqCPUIniParam.cpp">
      <Filter>CmdHandler\event</Filter>
    </ClCompile>
    <ClCompile Include="..\..\src\SocketBridge\CmdHandler\CmdHandler_eventReqVMCDataFile.cpp">
      <Filter>CmdHandler\event</Filter>
    </ClCompile>
    <ClCompile Include="..\..\src\SocketBridge\CmdHandler\CmdHandler_eventReqWriteLocalVMCDataFile.cpp">
      <Filter>CmdHandler\event</Filter>
    </ClCompile>
    <ClCompile Include="..\..\src\SocketBridge\CmdHandler\CmdHandler_eventReqCPUProgrammingCmd.cpp">
      <Filter>CmdHandler\event</Filter>
    </ClCompile>
    <ClCompile Include="..\..\src\SocketBridge\CmdHandler\CmdHandler_eventReqBtnPressed.cpp">
      <Filter>CmdHandler\event</Filter>
    </ClCompile>
    <ClCompile Include="..\..\src\SocketBridge\CmdHandler\CmdHandler_eventReqPartialVMCDataFile.cpp">
      <Filter>CmdHandler\event</Filter>
    </ClCompile>
    <ClCompile Include="..\..\src\SocketBridge\CmdHandler\CmdHandler_eventReqCPUExtendedConfigInfo.cpp">
      <Filter>CmdHandler\event</Filter>
    </ClCompile>
    <ClCompile Include="..\..\src\SocketBridge\SocketBridgeTask.cpp">
      <Filter>Task</Filter>
    </ClCompile>
    <ClCompile Include="..\..\src\SocketBridge\SocketBridgeTaskStatus.cpp">
      <Filter>Task</Filter>
    </ClCompile>
    <ClCompile Include="..\..\src\SocketBridge\SocketBridgeTaskFactory.cpp">
      <Filter>Task</Filter>
    </ClCompile>
    <ClCompile Include="..\..\src\SocketBridge\CmdHandler\CmdHandler_ajaxReqIsManualInstalled.cpp">
      <Filter>CmdHandler\ajax</Filter>
    </ClCompile>
    <ClCompile Include="..\..\src\SocketBridge\CmdHandler\CmdHandler_ajaxReqDBC.cpp">
      <Filter>CmdHandler\ajax\DB</Filter>
    </ClCompile>
    <ClCompile Include="..\..\src\SocketBridge\CmdHandler\CmdHandler_ajaxReqDBCloseByPath.cpp">
      <Filter>CmdHandler\ajax\DB</Filter>
    </ClCompile>
    <ClCompile Include="..\..\src\SocketBridge\CmdHandler\CmdHandler_ajaxReqDBE.cpp">
      <Filter>CmdHandler\ajax\DB</Filter>
    </ClCompile>
    <ClCompile Include="..\..\src\SocketBridge\CmdHandler\CmdHandler_ajaxReqDBQ.cpp">
      <Filter>CmdHandler\ajax\DB</Filter>
    </ClCompile>
    <ClCompile Include="..\..\src\SocketBridge\CmdHandler\CmdHandler_ajaxReqFSDriveList.cpp">
      <Filter>CmdHandler\ajax\FileSystem</Filter>
    </ClCompile>
    <ClCompile Include="..\..\src\SocketBridge\CmdHandler\CmdHandler_ajaxReqFSFileCopy.cpp">
      <Filter>CmdHandler\ajax\FileSystem</Filter>
    </ClCompile>
    <ClCompile Include="..\..\src\SocketBridge\CmdHandler\CmdHandler_ajaxReqFSFileList.cpp">
      <Filter>CmdHandler\ajax\FileSystem</Filter>
    </ClCompile>
    <ClCompile Include="..\..\src\SocketBridge\CmdHandler\CmdHandler_ajaxReqMachineTypeAndModel.cpp">
      <Filter>CmdHandler\ajax</Filter>
    </ClCompile>
    <ClCompile Include="..\..\src\SocketBridge\CmdHandler\CmdHandler_ajaxReqTaskSpawn.cpp">
      <Filter>CmdHandler\ajax\Task</Filter>
    </ClCompile>
    <ClCompile Include="..\..\src\SocketBridge\CmdHandler\CmdHandler_ajaxReqTaskStatus.cpp">
      <Filter>CmdHandler\ajax\Task</Filter>
    </ClCompile>
    <ClCompile Include="..\..\src\SocketBridge\CmdHandler\CmdHandler_ajaxReqTestSelection.cpp">
      <Filter>CmdHandler\ajax\Task</Filter>
    </ClCompile>
    <ClCompile Include="..\..\src\SocketBridge\CmdHandler\CmdHandler_ajaxReq_T_VMCDataFileTimestamp.cpp">
      <Filter>CmdHandler\ajax</Filter>
    </ClCompile>
    <ClCompile Include="..\..\src\SocketBridge\CmdHandler\CmdHandler_ajaxReq_P0x19_GetLastFLuxInfo.cpp">
      <Filter>CmdHandler\ajax\Prog</Filter>
    </ClCompile>
    <ClCompile Include="..\..\src\SocketBridge\CmdHandler\CmdHandler_ajaxReq_P0x0C_AttivazioneMotore.cpp">
      <Filter>CmdHandler\ajax\Prog</Filter>
    </ClCompile>
    <ClCompile Include="..\..\src\SocketBridge\CmdHandler\CmdHandler_ajaxReq_P0x06_GetAllDecounterValues.cpp">
      <Filter>CmdHandler\ajax\Prog</Filter>
    </ClCompile>
    <ClCompile Include="..\..\src\SocketBridge\CmdHandler\CmdHandler_ajaxReq_P0x08_GetDate.cpp">
      <Filter>CmdHandler\ajax\Prog</Filter>
    </ClCompile>
    <ClCompile Include="..\..\src\SocketBridge\CmdHandler\CmdHandler_ajaxReq_P0x18_GetOFFList.cpp">
      <Filter>CmdHandler\ajax\Prog</Filter>
    </ClCompile>
    <ClCompile Include="..\..\src\SocketBridge\CmdHandler\CmdHandler_ajaxReq_P0x10_GetPosizioneMacina.cpp">
      <Filter>CmdHandler\ajax\Prog</Filter>
    </ClCompile>
    <ClCompile Include="..\..\src\SocketBridge\CmdHandler\CmdHandler_ajaxReq_P0x07_GetTime.cpp">
      <Filter>CmdHandler\ajax\Prog</Filter>
    </ClCompile>
    <ClCompile Include="..\..\src\SocketBridge\CmdHandler\CmdHandler_ajaxReq_P0x17_GetVoltageAndTemp.cpp">
      <Filter>CmdHandler\ajax\Prog</Filter>
    </ClCompile>
    <ClCompile Include="..\..\src\SocketBridge\CmdHandler\CmdHandler_ajaxReq_P0x13_NomiLingueCPU.cpp">
      <Filter>CmdHandler\ajax\Prog</Filter>
    </ClCompile>
    <ClCompile Include="..\..\src\SocketBridge\CmdHandler\CmdHandler_ajaxReq_P0x0E_QueryImpulseCalcStatus.cpp">
      <Filter>CmdHandler\ajax\Prog</Filter>
    </ClCompile>
    <ClCompile Include="..\..\src\SocketBridge\CmdHandler\CmdHandler_ajaxReq_P0x16_ResetEVA.cpp">
      <Filter>CmdHandler\ajax\Prog</Filter>
    </ClCompile>
    <ClCompile Include="..\..\src\SocketBridge\CmdHandler\CmdHandler_ajaxReq_P0x03_SanWashStatus.cpp">
      <Filter>CmdHandler\ajax\Prog</Filter>
    </ClCompile>
    <ClCompile Include="..\..\src\SocketBridge\CmdHandler\CmdHandler_ajaxReq_P0x0F_SetCalibFactor.cpp">
      <Filter>CmdHandler\ajax\Prog</Filter>
    </ClCompile>
    <ClCompile Include="..\..\src\SocketBridge\CmdHandler\CmdHandler_ajaxReq_P0x0A_SetDate.cpp">
      <Filter>CmdHandler\ajax\Prog</Filter>
    </ClCompile>
    <ClCompile Include="..\..\src\SocketBridge\CmdHandler\CmdHandler_ajaxReq_P0x04_SetDecounter.cpp">
      <Filter>CmdHandler\ajax\Prog</Filter>
    </ClCompile>
    <ClCompile Include="..\..\src\SocketBridge\CmdHandler\CmdHandler_ajaxReq_P0x09_SetTime.cpp">
      <Filter>CmdHandler\ajax\Prog</Filter>
    </ClCompile>
    <ClCompile Include="..\..\src\SocketBridge\CmdHandler\CmdHandler_ajaxReq_P0x0E_StartImpulseCalc.cpp">
      <Filter>CmdHandler\ajax\Prog</Filter>
    </ClCompile>
    <ClCompile Include="..\..\src\SocketBridge\CmdHandler\CmdHandler_ajaxReq_P0x0B_StatoGruppo.cpp">
      <Filter>CmdHandler\ajax\Prog</Filter>
    </ClCompile>
    <ClCompile Include="..\..\src\SocketBridge\CmdHandler\CmdHandler_eventReq_T_VMCDataFileTimestamp.cpp">
      <Filter>CmdHandler\event</Filter>
    </ClCompile>
    <ClCompile Include="..\..\src\SocketBridge\CmdHandler\CmdHandler_eventReq_P0x03_CPUSanWashingStatus.cpp">
      <Filter>CmdHandler\event\Prog</Filter>
    </ClCompile>
    <ClCompile Include="..\..\src\SocketBridge\CmdHandler\CmdHandler_eventReq_P0x06_GetAllDecounters.cpp">
      <Filter>CmdHandler\event\Prog</Filter>
    </ClCompile>
    <ClCompile Include="..\..\src\SocketBridge\CmdHandler\CmdHandler_eventReq_P0x15_RecalcFasciaOrariaFV.cpp">
      <Filter>CmdHandler\event\Prog</Filter>
    </ClCompile>
    <ClCompile Include="..\..\src\SocketBridge\CmdHandler\CmdHandler_eventReq_P0x04_SetDecounter.cpp">
      <Filter>CmdHandler\event\Prog</Filter>
    </ClCompile>
    <ClCompile Include="..\..\src\SocketBridge\CmdHandler\CmdHandler_eventReq_P0x11_SetMotoreMacina.cpp">
      <Filter>CmdHandler\event\Prog</Filter>
    </ClCompile>
    <ClCompile Include="..\..\src\SocketBridge\CmdHandler\CmdHandler_eventReq_P0x14_StartDisintallation.cpp">
      <Filter>CmdHandler\event\Prog</Filter>
    </ClCompile>
    <ClCompile Include="..\..\src\SocketBridge\CmdHandler\CmdHandler_ajaxReq_P0x1B_getCPUStringModelAndVer.cpp">
      <Filter>CmdHandler\ajax\Prog</Filter>
    </ClCompile>
    <ClCompile Include="..\..\src\SocketBridge\CmdHandler\CmdHandler_eventReqEnterDA3SyncStatus.cpp">
      <Filter>CmdHandler\event</Filter>
    </ClCompile>
    <ClCompile Include="..\..\src\SocketBridge\CmdHandler\CmdHandler_ajaxReq_setLastUsedLangForProgMenu.cpp">
      <Filter>CmdHandler\ajax</Filter>
    </ClCompile>
    <ClCompile Include="..\..\src\SocketBridge\CmdHandler\CmdHandler_ajaxReq_P0x1C_StartModemTest.cpp">
      <Filter>CmdHandler\ajax\Prog</Filter>
    </ClCompile>
    <ClCompile Include="..\..\src\SocketBridge\CmdHandler\CmdHandler_ajaxReq_P0x1D_ResetEVATotals.cpp">
      <Filter>CmdHandler\ajax\Prog</Filter>
    </ClCompile>
    <ClCompile Include="..\..\src\SocketBridge\CmdHandler\CmdHandler_ajaxReq_P0x1E_GetTimeLavSanCappuc.cpp">
      <Filter>CmdHandler\ajax\Prog</Filter>
    </ClCompile>
    <ClCompile Include="..\..\src\SocketBridge\CmdHandler\CmdHandler_ajaxReq_P0x1F_StartTestAssorbGruppo.cpp">
      <Filter>CmdHandler\ajax\Prog</Filter>
    </ClCompile>
    <ClCompile Include="..\..\src\SocketBridge\CmdHandler\CmdHandler_ajaxReq_P0x21_StartTestAssorbMotoriduttore.cpp">
      <Filter>CmdHandler\ajax\Prog</Filter>
    </ClCompile>
    <ClCompile Include="..\..\src\SocketBridge\CmdHandler\CmdHandler_ajaxReq_P0x20_getStatusTestAssorbGruppo.cpp">
      <Filter>CmdHandler\ajax\Prog</Filter>
    </ClCompile>
    <ClCompile Include="..\..\src\SocketBridge\CmdHandler\CmdHandler_ajaxReq_P0x22_getStatusTestAssorbMotoriduttore.cpp">
      <Filter>CmdHandler\ajax\Prog</Filter>
    </ClCompile>
    <ClCompile Include="..\..\src\SocketBridge\CmdHandler\CmdHandler_eventReqSetAperturaVGrind.cpp" />
    <ClCompile Include="..\..\src\SocketBridge\CmdHandler\CmdHandler_eventReq_P0x10_getAperturaVGrind.cpp">
      <Filter>CmdHandler\event\Prog</Filter>
    </ClCompile>
    <ClCompile Include="..\..\src\SocketBridge\CmdHandler\CmdHandler_ajaxReq_M_MilkerVer.cpp">
      <Filter>CmdHandler\ajax</Filter>
    </ClCompile>
    <ClCompile Include="..\..\src\SocketBridge\CmdHandler\CmdHandler_eventReq_V_StartSelAlreadyPaid.cpp">
      <Filter>CmdHandler\event</Filter>
    </ClCompile>
  </ItemGroup>
  <ItemGroup>
    <ClInclude Include="..\..\src\SocketBridge\CmdHandler.h" />
    <ClInclude Include="..\..\src\SocketBridge\CmdHandler_ajaxReq.h" />
    <ClInclude Include="..\..\src\SocketBridge\CmdHandler_eventReq.h" />
    <ClInclude Include="..\..\src\SocketBridge\CommandHandlerList.h" />
    <ClInclude Include="..\..\src\SocketBridge\IdentifiedClientList.h" />
    <ClInclude Include="..\..\src\SocketBridge\SocketBridge.h" />
    <ClInclude Include="..\..\src\SocketBridge\SocketBridgeEnumAndDefine.h" />
    <ClInclude Include="..\..\src\SocketBridge\SocketBridgeServer.h" />
    <ClInclude Include="..\..\src\SocketBridge\SocketBridgeVersion.h" />
    <ClInclude Include="..\..\src\SocketBridge\SocketBridgeFileT.h" />
    <ClInclude Include="..\..\src\SocketBridge\SocketBridgeFileTEnumAndDefine.h" />
    <ClInclude Include="..\..\src\SocketBridge\DBList.h" />
    <ClInclude Include="..\..\src\SocketBridge\CmdHandler\CmdHandler_ajaxReqSelAvailability.h">
      <Filter>CmdHandler\ajax</Filter>
    </ClInclude>
    <ClInclude Include="..\..\src\SocketBridge\CmdHandler\CmdHandler_ajaxReqSelPrices.h">
      <Filter>CmdHandler\ajax</Filter>
    </ClInclude>
    <ClInclude Include="..\..\src\SocketBridge\CmdHandler\CmdHandler_eventReqClientList.h">
      <Filter>CmdHandler\event</Filter>
    </ClInclude>
    <ClInclude Include="..\..\src\SocketBridge\CmdHandler\CmdHandler_eventReqCPUMessage.h">
      <Filter>CmdHandler\event</Filter>
    </ClInclude>
    <ClInclude Include="..\..\src\SocketBridge\CmdHandler\CmdHandler_eventReqCPUStatus.h">
      <Filter>CmdHandler\event</Filter>
    </ClInclude>
    <ClInclude Include="..\..\src\SocketBridge\CmdHandler\CmdHandler_eventReqCreditUpdated.h">
      <Filter>CmdHandler\event</Filter>
    </ClInclude>
    <ClInclude Include="..\..\src\SocketBridge\CmdHandler\CmdHandler_eventReqSelAvailability.h">
      <Filter>CmdHandler\event</Filter>
    </ClInclude>
    <ClInclude Include="..\..\src\SocketBridge\CmdHandler\CmdHandler_eventReqSelPrices.h">
      <Filter>CmdHandler\event</Filter>
    </ClInclude>
    <ClInclude Include="..\..\src\SocketBridge\CmdHandler\CmdHandler_eventReqSelStatus.h">
      <Filter>CmdHandler\event</Filter>
    </ClInclude>
    <ClInclude Include="..\..\src\SocketBridge\CmdHandler\CmdHandler_eventReqStartSel.h">
      <Filter>CmdHandler\event</Filter>
    </ClInclude>
    <ClInclude Include="..\..\src\SocketBridge\CmdHandler\CmdHandler_eventReqStopSel.h">
      <Filter>CmdHandler\event</Filter>
    </ClInclude>
    <ClInclude Include="..\..\src\SocketBridge\CmdHandler\CmdHandler_eventReqCPUbtnProgPressed.h">
      <Filter>CmdHandler\event</Filter>
    </ClInclude>
    <ClInclude Include="..\..\src\SocketBridge\CmdHandler\CmdHandler_eventReqDataAudit.h">
      <Filter>CmdHandler\event</Filter>
    </ClInclude>
    <ClInclude Include="..\..\src\SocketBridge\CmdHandler\CmdHandler_eventReqCPUIniParam.h">
      <Filter>CmdHandler\event</Filter>
    </ClInclude>
    <ClInclude Include="..\..\src\SocketBridge\CmdHandler\CmdHandler_eventReqVMCDataFile.h">
      <Filter>CmdHandler\event</Filter>
    </ClInclude>
    <ClInclude Include="..\..\src\SocketBridge\CmdHandler\CmdHandler_eventReqWriteLocalVMCDataFile.h">
      <Filter>CmdHandler\event</Filter>
    </ClInclude>
    <ClInclude Include="..\..\src\SocketBridge\CmdHandler\CmdHandler_eventReqCPUProgrammingCmd.h">
      <Filter>CmdHandler\event</Filter>
    </ClInclude>
    <ClInclude Include="..\..\src\SocketBridge\CmdHandler\CmdHandler_eventReqBtnPressed.h">
      <Filter>CmdHandler\event</Filter>
    </ClInclude>
    <ClInclude Include="..\..\src\SocketBridge\CmdHandler\CmdHandler_eventReqPartialVMCDataFile.h">
      <Filter>CmdHandler\event</Filter>
    </ClInclude>
    <ClInclude Include="..\..\src\SocketBridge\CmdHandler\CmdHandler_eventReqCPUExtendedConfigInfo.h">
      <Filter>CmdHandler\event</Filter>
    </ClInclude>
    <ClInclude Include="..\..\src\SocketBridge\SocketBridgeTask.h">
      <Filter>Task</Filter>
    </ClInclude>
    <ClInclude Include="..\..\src\SocketBridge\SocketBridgeTaskFactory.h">
      <Filter>Task</Filter>
    </ClInclude>
    <ClInclude Include="..\..\src\SocketBridge\CmdHandler\CmdHandler_ajaxReqIsManualInstalled.h">
      <Filter>CmdHandler\ajax</Filter>
    </ClInclude>
    <ClInclude Include="..\..\src\SocketBridge\CmdHandler\CmdHandler_ajaxReqDBC.h">
      <Filter>CmdHandler\ajax\DB</Filter>
    </ClInclude>
    <ClInclude Include="..\..\src\SocketBridge\CmdHandler\CmdHandler_ajaxReqDBCloseByPath.h">
      <Filter>CmdHandler\ajax\DB</Filter>
    </ClInclude>
    <ClInclude Include="..\..\src\SocketBridge\CmdHandler\CmdHandler_ajaxReqDBE.h">
      <Filter>CmdHandler\ajax\DB</Filter>
    </ClInclude>
    <ClInclude Include="..\..\src\SocketBridge\CmdHandler\CmdHandler_ajaxReqDBQ.h">
      <Filter>CmdHandler\ajax\DB</Filter>
    </ClInclude>
    <ClInclude Include="..\..\src\SocketBridge\CmdHandler\CmdHandler_ajaxReqFSDriveList.h">
      <Filter>CmdHandler\ajax\FileSystem</Filter>
    </ClInclude>
    <ClInclude Include="..\..\src\SocketBridge\CmdHandler\CmdHandler_ajaxReqFSFileCopy.h">
      <Filter>CmdHandler\ajax\FileSystem</Filter>
    </ClInclude>
    <ClInclude Include="..\..\src\SocketBridge\CmdHandler\CmdHandler_ajaxReqFSFileList.h">
      <Filter>CmdHandler\ajax\FileSystem</Filter>
    </ClInclude>
    <ClInclude Include="..\..\src\SocketBridge\CmdHandler\CmdHandler_ajaxReqMachineTypeAndModel.h">
      <Filter>CmdHandler\ajax</Filter>
    </ClInclude>
    <ClInclude Include="..\..\src\SocketBridge\CmdHandler\CmdHandler_ajaxReqTaskSpawn.h">
      <Filter>CmdHandler\ajax\Task</Filter>
    </ClInclude>
    <ClInclude Include="..\..\src\SocketBridge\CmdHandler\CmdHandler_ajaxReqTaskStatus.h">
      <Filter>CmdHandler\ajax\Task</Filter>
    </ClInclude>
    <ClInclude Include="..\..\src\SocketBridge\CmdHandler\CmdHandler_ajaxReqTestSelection.h">
      <Filter>CmdHandler\ajax\Task</Filter>
    </ClInclude>
    <ClInclude Include="..\..\src\SocketBridge\CmdHandler\CmdHandler_ajaxReq_T_VMCDataFileTimestamp.h">
      <Filter>CmdHandler\ajax</Filter>
    </ClInclude>
    <ClInclude Include="..\..\src\SocketBridge\CmdHandler\CmdHandler_ajaxReq_P0x19_GetLastFLuxInfo.h">
      <Filter>CmdHandler\ajax\Prog</Filter>
    </ClInclude>
    <ClInclude Include="..\..\src\SocketBridge\CmdHandler\CmdHandler_ajaxReq_P0x0C_AttivazioneMotore.h">
      <Filter>CmdHandler\ajax\Prog</Filter>
    </ClInclude>
    <ClInclude Include="..\..\src\SocketBridge\CmdHandler\CmdHandler_ajaxReq_P0x06_GetAllDecounterValues.h">
      <Filter>CmdHandler\ajax\Prog</Filter>
    </ClInclude>
    <ClInclude Include="..\..\src\SocketBridge\CmdHandler\CmdHandler_ajaxReq_P0x08_GetDate.h">
      <Filter>CmdHandler\ajax\Prog</Filter>
    </ClInclude>
    <ClInclude Include="..\..\src\SocketBridge\CmdHandler\CmdHandler_ajaxReq_P0x18_GetOFFList.h">
      <Filter>CmdHandler\ajax\Prog</Filter>
    </ClInclude>
    <ClInclude Include="..\..\src\SocketBridge\CmdHandler\CmdHandler_ajaxReq_P0x10_GetPosizioneMacina.h">
      <Filter>CmdHandler\ajax\Prog</Filter>
    </ClInclude>
    <ClInclude Include="..\..\src\SocketBridge\CmdHandler\CmdHandler_ajaxReq_P0x07_GetTime.h">
      <Filter>CmdHandler\ajax\Prog</Filter>
    </ClInclude>
    <ClInclude Include="..\..\src\SocketBridge\CmdHandler\CmdHandler_ajaxReq_P0x17_GetVoltageAndTemp.h">
      <Filter>CmdHandler\ajax\Prog</Filter>
    </ClInclude>
    <ClInclude Include="..\..\src\SocketBridge\CmdHandler\CmdHandler_ajaxReq_P0x13_NomiLingueCPU.h">
      <Filter>CmdHandler\ajax\Prog</Filter>
    </ClInclude>
    <ClInclude Include="..\..\src\SocketBridge\CmdHandler\CmdHandler_ajaxReq_P0x0E_QueryImpulseCalcStatus.h">
      <Filter>CmdHandler\ajax\Prog</Filter>
    </ClInclude>
    <ClInclude Include="..\..\src\SocketBridge\CmdHandler\CmdHandler_ajaxReq_P0x16_ResetEVA.h">
      <Filter>CmdHandler\ajax\Prog</Filter>
    </ClInclude>
    <ClInclude Include="..\..\src\SocketBridge\CmdHandler\CmdHandler_ajaxReq_P0x03_SanWashStatus.h">
      <Filter>CmdHandler\ajax\Prog</Filter>
    </ClInclude>
    <ClInclude Include="..\..\src\SocketBridge\CmdHandler\CmdHandler_ajaxReq_P0x0F_SetCalibFactor.h">
      <Filter>CmdHandler\ajax\Prog</Filter>
    </ClInclude>
    <ClInclude Include="..\..\src\SocketBridge\CmdHandler\CmdHandler_ajaxReq_P0x0A_SetDate.h">
      <Filter>CmdHandler\ajax\Prog</Filter>
    </ClInclude>
    <ClInclude Include="..\..\src\SocketBridge\CmdHandler\CmdHandler_ajaxReq_P0x04_SetDecounter.h">
      <Filter>CmdHandler\ajax\Prog</Filter>
    </ClInclude>
    <ClInclude Include="..\..\src\SocketBridge\CmdHandler\CmdHandler_ajaxReq_P0x09_SetTime.h">
      <Filter>CmdHandler\ajax\Prog</Filter>
    </ClInclude>
    <ClInclude Include="..\..\src\SocketBridge\CmdHandler\CmdHandler_ajaxReq_P0x0E_StartImpulseCalc.h">
      <Filter>CmdHandler\ajax\Prog</Filter>
    </ClInclude>
    <ClInclude Include="..\..\src\SocketBridge\CmdHandler\CmdHandler_ajaxReq_P0x0B_StatoGruppo.h">
      <Filter>CmdHandler\ajax\Prog</Filter>
    </ClInclude>
    <ClInclude Include="..\..\src\SocketBridge\CmdHandler\CmdHandler_eventReq_T_VMCDataFileTimestamp.h">
      <Filter>CmdHandler\event</Filter>
    </ClInclude>
    <ClInclude Include="..\..\src\SocketBridge\CmdHandler\CmdHandler_eventReq_P0x03_CPUSanWashingStatus.h">
      <Filter>CmdHandler\event\Prog</Filter>
    </ClInclude>
    <ClInclude Include="..\..\src\SocketBridge\CmdHandler\CmdHandler_eventReq_P0x06_GetAllDecounters.h">
      <Filter>CmdHandler\event\Prog</Filter>
    </ClInclude>
    <ClInclude Include="..\..\src\SocketBridge\CmdHandler\CmdHandler_eventReq_P0x15_RecalcFasciaOrariaFV.h">
      <Filter>CmdHandler\event\Prog</Filter>
    </ClInclude>
    <ClInclude Include="..\..\src\SocketBridge\CmdHandler\CmdHandler_eventReq_P0x04_SetDecounter.h">
      <Filter>CmdHandler\event\Prog</Filter>
    </ClInclude>
    <ClInclude Include="..\..\src\SocketBridge\CmdHandler\CmdHandler_eventReq_P0x11_SetMotoreMacina.h">
      <Filter>CmdHandler\event\Prog</Filter>
    </ClInclude>
    <ClInclude Include="..\..\src\SocketBridge\CmdHandler\CmdHandler_eventReq_P0x14_StartDisintallation.h">
      <Filter>CmdHandler\event\Prog</Filter>
    </ClInclude>
    <ClInclude Include="..\..\src\SocketBridge\CmdHandler\CmdHandler_ajaxReq_P0x1B_getCPUStringModelAndVer.h">
      <Filter>CmdHandler\ajax\Prog</Filter>
    </ClInclude>
    <ClInclude Include="..\..\src\SocketBridge\CmdHandler\CmdHandler_eventReqEnterDA3SyncStatus.h">
      <Filter>CmdHandler\event</Filter>
    </ClInclude>
    <ClInclude Include="..\..\src\SocketBridge\CmdHandler\CmdHandler_ajaxReq_setLastUsedLangForProgMenu.h">
      <Filter>CmdHandler\ajax</Filter>
    </ClInclude>
    <ClInclude Include="..\..\src\SocketBridge\CmdHandler\CmdHandler_ajaxReq_P0x1C_StartModemTest.h">
      <Filter>CmdHandler\ajax\Prog</Filter>
    </ClInclude>
    <ClInclude Include="..\..\src\SocketBridge\CmdHandler\CmdHandler_ajaxReq_P0x1D_ResetEVATotals.h">
      <Filter>CmdHandler\ajax\Prog</Filter>
    </ClInclude>
    <ClInclude Include="..\..\src\SocketBridge\CmdHandler\CmdHandler_ajaxReq_P0x1E_GetTimeLavSanCappuc.h">
      <Filter>CmdHandler\ajax\Prog</Filter>
    </ClInclude>
    <ClInclude Include="..\..\src\SocketBridge\CmdHandler\CmdHandler_ajaxReq_P0x1F_StartTestAssorbGruppo.h">
      <Filter>CmdHandler\ajax\Prog</Filter>
    </ClInclude>
    <ClInclude Include="..\..\src\SocketBridge\CmdHandler\CmdHandler_ajaxReq_P0x21_StartTestAssorbMotoriduttore.h">
      <Filter>CmdHandler\ajax\Prog</Filter>
    </ClInclude>
    <ClInclude Include="..\..\src\SocketBridge\CmdHandler\CmdHandler_ajaxReq_P0x20_getStatusTestAssorbGruppo.h">
      <Filter>CmdHandler\ajax\Prog</Filter>
    </ClInclude>
    <ClInclude Include="..\..\src\SocketBridge\CmdHandler\CmdHandler_ajaxReq_P0x22_getStatusTestAssorbMotoriduttore.h">
      <Filter>CmdHandler\ajax\Prog</Filter>
    </ClInclude>
    <ClInclude Include="..\..\src\SocketBridge\CmdHandler\CmdHandler_eventReqSetAperturaVGrind.h" />
    <ClInclude Include="..\..\src\SocketBridge\CmdHandler\CmdHandler_eventReq_P0x10_getAperturaVGrind.h">
      <Filter>CmdHandler\event\Prog</Filter>
    </ClInclude>
    <ClInclude Include="..\..\src\SocketBridge\CmdHandler\CmdHandler_ajaxReq_M_MilkerVer.h">
      <Filter>CmdHandler\ajax</Filter>
    </ClInclude>
    <ClInclude Include="..\..\src\SocketBridge\CmdHandler\CmdHandler_eventReq_V_StartSelAlreadyPaid.h">
      <Filter>CmdHandler\event</Filter>
    </ClInclude>
  </ItemGroup>
</Project>