<?xml version="1.0" encoding="utf-8"?>
<Project ToolsVersion="4.0" xmlns="http://schemas.microsoft.com/developer/msbuild/2003">
  <ItemGroup>
    <ClCompile Include="..\..\src\rheaAppLib\rheaApp.cpp" />
    <ClCompile Include="..\..\src\rheaAppLib\rheaAppUtils.cpp" />
    <ClCompile Include="..\..\src\rheaAppLib\rheaAppFileTransfer.cpp" />
  </ItemGroup>
  <ItemGroup>
    <ClInclude Include="..\..\src\rheaAppLib\rheaApp.h" />
    <ClInclude Include="..\..\src\rheaAppLib\rheaAppUtils.h" />
    <ClInclude Include="..\..\src\rheaAppLib\rheaAppEnumAndDefine.h" />
    <ClInclude Include="..\..\src\rheaAppLib\rheaAppFileTransfer.h" />
  </ItemGroup>
</Project>